// !$*UTF8*$!
{
	archiveVersion = 1;
	classes = {
	};
	objectVersion = 46;
	objects = {

/* Begin PBXBuildFile section */
		DCBEC93419EBFFC3004E4F8C /* bio_ssl.c in Sources */ = {isa = PBXBuildFile; fileRef = DCBEC91419EBFFC3004E4F8C /* bio_ssl.c */; };
		DCBEC93519EBFFC3004E4F8C /* kssl.c in Sources */ = {isa = PBXBuildFile; fileRef = DCBEC91519EBFFC3004E4F8C /* kssl.c */; };
		DCBEC93619EBFFC3004E4F8C /* s2_enc.c in Sources */ = {isa = PBXBuildFile; fileRef = DCBEC91619EBFFC3004E4F8C /* s2_enc.c */; };
		DCBEC93719EBFFC3004E4F8C /* s2_lib.c in Sources */ = {isa = PBXBuildFile; fileRef = DCBEC91719EBFFC3004E4F8C /* s2_lib.c */; };
		DCBEC93819EBFFC3004E4F8C /* s2_meth.c in Sources */ = {isa = PBXBuildFile; fileRef = DCBEC91819EBFFC3004E4F8C /* s2_meth.c */; };
		DCBEC93919EBFFC3004E4F8C /* s2_pkt.c in Sources */ = {isa = PBXBuildFile; fileRef = DCBEC91919EBFFC3004E4F8C /* s2_pkt.c */; };
		DCBEC93A19EBFFC3004E4F8C /* s2_srvr.c in Sources */ = {isa = PBXBuildFile; fileRef = DCBEC91A19EBFFC3004E4F8C /* s2_srvr.c */; };
		DCBEC93B19EBFFC3004E4F8C /* s3_both.c in Sources */ = {isa = PBXBuildFile; fileRef = DCBEC91B19EBFFC3004E4F8C /* s3_both.c */; };
		DCBEC93C19EBFFC3004E4F8C /* s3_enc.c in Sources */ = {isa = PBXBuildFile; fileRef = DCBEC91C19EBFFC3004E4F8C /* s3_enc.c */; };
		DCBEC93D19EBFFC3004E4F8C /* s3_lib.c in Sources */ = {isa = PBXBuildFile; fileRef = DCBEC91D19EBFFC3004E4F8C /* s3_lib.c */; };
		DCBEC93E19EBFFC3004E4F8C /* s3_meth.c in Sources */ = {isa = PBXBuildFile; fileRef = DCBEC91E19EBFFC3004E4F8C /* s3_meth.c */; };
		DCBEC93F19EBFFC3004E4F8C /* s3_pkt.c in Sources */ = {isa = PBXBuildFile; fileRef = DCBEC91F19EBFFC3004E4F8C /* s3_pkt.c */; };
		DCBEC94019EBFFC3004E4F8C /* s3_srvr.c in Sources */ = {isa = PBXBuildFile; fileRef = DCBEC92019EBFFC3004E4F8C /* s3_srvr.c */; };
		DCBEC94119EBFFC3004E4F8C /* s23_clnt.c in Sources */ = {isa = PBXBuildFile; fileRef = DCBEC92119EBFFC3004E4F8C /* s23_clnt.c */; };
		DCBEC94219EBFFC3004E4F8C /* s23_lib.c in Sources */ = {isa = PBXBuildFile; fileRef = DCBEC92219EBFFC3004E4F8C /* s23_lib.c */; };
		DCBEC94319EBFFC3004E4F8C /* s23_meth.c in Sources */ = {isa = PBXBuildFile; fileRef = DCBEC92319EBFFC3004E4F8C /* s23_meth.c */; };
		DCBEC94419EBFFC3004E4F8C /* s23_pkt.c in Sources */ = {isa = PBXBuildFile; fileRef = DCBEC92419EBFFC3004E4F8C /* s23_pkt.c */; };
		DCBEC94519EBFFC3004E4F8C /* s23_srvr.c in Sources */ = {isa = PBXBuildFile; fileRef = DCBEC92519EBFFC3004E4F8C /* s23_srvr.c */; };
		DCBEC94619EBFFC3004E4F8C /* ssl_algs.c in Sources */ = {isa = PBXBuildFile; fileRef = DCBEC92619EBFFC3004E4F8C /* ssl_algs.c */; };
		DCBEC94719EBFFC3004E4F8C /* ssl_asn1.c in Sources */ = {isa = PBXBuildFile; fileRef = DCBEC92719EBFFC3004E4F8C /* ssl_asn1.c */; };
		DCBEC94819EBFFC3004E4F8C /* ssl_cert.c in Sources */ = {isa = PBXBuildFile; fileRef = DCBEC92819EBFFC3004E4F8C /* ssl_cert.c */; };
		DCBEC94919EBFFC3004E4F8C /* ssl_ciph.c in Sources */ = {isa = PBXBuildFile; fileRef = DCBEC92919EBFFC3004E4F8C /* ssl_ciph.c */; };
		DCBEC94A19EBFFC3004E4F8C /* ssl_err.c in Sources */ = {isa = PBXBuildFile; fileRef = DCBEC92A19EBFFC3004E4F8C /* ssl_err.c */; };
		DCBEC94B19EBFFC3004E4F8C /* ssl_err2.c in Sources */ = {isa = PBXBuildFile; fileRef = DCBEC92B19EBFFC3004E4F8C /* ssl_err2.c */; };
		DCBEC94C19EBFFC3004E4F8C /* ssl_lib.c in Sources */ = {isa = PBXBuildFile; fileRef = DCBEC92C19EBFFC3004E4F8C /* ssl_lib.c */; };
		DCBEC94D19EBFFC3004E4F8C /* ssl_rsa.c in Sources */ = {isa = PBXBuildFile; fileRef = DCBEC92D19EBFFC3004E4F8C /* ssl_rsa.c */; };
		DCBEC94E19EBFFC3004E4F8C /* ssl_sess.c in Sources */ = {isa = PBXBuildFile; fileRef = DCBEC92E19EBFFC3004E4F8C /* ssl_sess.c */; };
		DCBEC94F19EBFFC3004E4F8C /* ssl_stat.c in Sources */ = {isa = PBXBuildFile; fileRef = DCBEC92F19EBFFC3004E4F8C /* ssl_stat.c */; };
		DCBEC95019EBFFC3004E4F8C /* ssl_txt.c in Sources */ = {isa = PBXBuildFile; fileRef = DCBEC93019EBFFC3004E4F8C /* ssl_txt.c */; };
		DCBEC95119EBFFC3004E4F8C /* t1_enc.c in Sources */ = {isa = PBXBuildFile; fileRef = DCBEC93119EBFFC3004E4F8C /* t1_enc.c */; };
		DCBEC95219EBFFC3004E4F8C /* t1_meth.c in Sources */ = {isa = PBXBuildFile; fileRef = DCBEC93219EBFFC3004E4F8C /* t1_meth.c */; };
		DCBEC95319EBFFC3004E4F8C /* t1_reneg.c in Sources */ = {isa = PBXBuildFile; fileRef = DCBEC93319EBFFC3004E4F8C /* t1_reneg.c */; };
		DCBECB8719EF7356004E4F8C /* libcrypto.a in Frameworks */ = {isa = PBXBuildFile; fileRef = DCEED1FE1983D49D00D49E51 /* libcrypto.a */; };
/* End PBXBuildFile section */

/* Begin PBXContainerItemProxy section */
		DCBEC95519EC001C004E4F8C /* PBXContainerItemProxy */ = {
			isa = PBXContainerItemProxy;
			containerPortal = DCEED1F81983D49D00D49E51 /* crypto.xcodeproj */;
			proxyType = 1;
			remoteGlobalIDString = DCEED1CE1983D49D00D49E51;
			remoteInfo = crypto;
		};
		DCEED1FD1983D49D00D49E51 /* PBXContainerItemProxy */ = {
			isa = PBXContainerItemProxy;
			containerPortal = DCEED1F81983D49D00D49E51 /* crypto.xcodeproj */;
			proxyType = 2;
			remoteGlobalIDString = DCEED1CF1983D49D00D49E51;
			remoteInfo = crypto;
		};
/* End PBXContainerItemProxy section */

/* Begin PBXCopyFilesBuildPhase section */
		DCEED1901983CB0B00D49E51 /* CopyFiles */ = {
			isa = PBXCopyFilesBuildPhase;
			buildActionMask = 2147483647;
			dstPath = "include/$(PRODUCT_NAME)";
			dstSubfolderSpec = 16;
			files = (
			);
			runOnlyForDeploymentPostprocessing = 0;
		};
/* End PBXCopyFilesBuildPhase section */

/* Begin PBXFileReference section */
		DCBEC91419EBFFC3004E4F8C /* bio_ssl.c */ = {isa = PBXFileReference; lastKnownFileType = sourcecode.c.c; name = bio_ssl.c; path = ../../../openssl/ssl/bio_ssl.c; sourceTree = "<group>"; };
		DCBEC91519EBFFC3004E4F8C /* kssl.c */ = {isa = PBXFileReference; lastKnownFileType = sourcecode.c.c; name = kssl.c; path = ../../../openssl/ssl/kssl.c; sourceTree = "<group>"; };
		DCBEC91619EBFFC3004E4F8C /* s2_enc.c */ = {isa = PBXFileReference; lastKnownFileType = sourcecode.c.c; name = s2_enc.c; path = ../../../openssl/ssl/s2_enc.c; sourceTree = "<group>"; };
		DCBEC91719EBFFC3004E4F8C /* s2_lib.c */ = {isa = PBXFileReference; lastKnownFileType = sourcecode.c.c; name = s2_lib.c; path = ../../../openssl/ssl/s2_lib.c; sourceTree = "<group>"; };
		DCBEC91819EBFFC3004E4F8C /* s2_meth.c */ = {isa = PBXFileReference; lastKnownFileType = sourcecode.c.c; name = s2_meth.c; path = ../../../openssl/ssl/s2_meth.c; sourceTree = "<group>"; };
		DCBEC91919EBFFC3004E4F8C /* s2_pkt.c */ = {isa = PBXFileReference; lastKnownFileType = sourcecode.c.c; name = s2_pkt.c; path = ../../../openssl/ssl/s2_pkt.c; sourceTree = "<group>"; };
		DCBEC91A19EBFFC3004E4F8C /* s2_srvr.c */ = {isa = PBXFileReference; lastKnownFileType = sourcecode.c.c; name = s2_srvr.c; path = ../../../openssl/ssl/s2_srvr.c; sourceTree = "<group>"; };
		DCBEC91B19EBFFC3004E4F8C /* s3_both.c */ = {isa = PBXFileReference; lastKnownFileType = sourcecode.c.c; name = s3_both.c; path = ../../../openssl/ssl/s3_both.c; sourceTree = "<group>"; };
		DCBEC91C19EBFFC3004E4F8C /* s3_enc.c */ = {isa = PBXFileReference; lastKnownFileType = sourcecode.c.c; name = s3_enc.c; path = ../../../openssl/ssl/s3_enc.c; sourceTree = "<group>"; };
		DCBEC91D19EBFFC3004E4F8C /* s3_lib.c */ = {isa = PBXFileReference; lastKnownFileType = sourcecode.c.c; name = s3_lib.c; path = ../../../openssl/ssl/s3_lib.c; sourceTree = "<group>"; };
		DCBEC91E19EBFFC3004E4F8C /* s3_meth.c */ = {isa = PBXFileReference; lastKnownFileType = sourcecode.c.c; name = s3_meth.c; path = ../../../openssl/ssl/s3_meth.c; sourceTree = "<group>"; };
		DCBEC91F19EBFFC3004E4F8C /* s3_pkt.c */ = {isa = PBXFileReference; lastKnownFileType = sourcecode.c.c; name = s3_pkt.c; path = ../../../openssl/ssl/s3_pkt.c; sourceTree = "<group>"; };
		DCBEC92019EBFFC3004E4F8C /* s3_srvr.c */ = {isa = PBXFileReference; lastKnownFileType = sourcecode.c.c; name = s3_srvr.c; path = ../../../openssl/ssl/s3_srvr.c; sourceTree = "<group>"; };
		DCBEC92119EBFFC3004E4F8C /* s23_clnt.c */ = {isa = PBXFileReference; lastKnownFileType = sourcecode.c.c; name = s23_clnt.c; path = ../../../openssl/ssl/s23_clnt.c; sourceTree = "<group>"; };
		DCBEC92219EBFFC3004E4F8C /* s23_lib.c */ = {isa = PBXFileReference; lastKnownFileType = sourcecode.c.c; name = s23_lib.c; path = ../../../openssl/ssl/s23_lib.c; sourceTree = "<group>"; };
		DCBEC92319EBFFC3004E4F8C /* s23_meth.c */ = {isa = PBXFileReference; lastKnownFileType = sourcecode.c.c; name = s23_meth.c; path = ../../../openssl/ssl/s23_meth.c; sourceTree = "<group>"; };
		DCBEC92419EBFFC3004E4F8C /* s23_pkt.c */ = {isa = PBXFileReference; lastKnownFileType = sourcecode.c.c; name = s23_pkt.c; path = ../../../openssl/ssl/s23_pkt.c; sourceTree = "<group>"; };
		DCBEC92519EBFFC3004E4F8C /* s23_srvr.c */ = {isa = PBXFileReference; lastKnownFileType = sourcecode.c.c; name = s23_srvr.c; path = ../../../openssl/ssl/s23_srvr.c; sourceTree = "<group>"; };
		DCBEC92619EBFFC3004E4F8C /* ssl_algs.c */ = {isa = PBXFileReference; lastKnownFileType = sourcecode.c.c; name = ssl_algs.c; path = ../../../openssl/ssl/ssl_algs.c; sourceTree = "<group>"; };
		DCBEC92719EBFFC3004E4F8C /* ssl_asn1.c */ = {isa = PBXFileReference; lastKnownFileType = sourcecode.c.c; name = ssl_asn1.c; path = ../../../openssl/ssl/ssl_asn1.c; sourceTree = "<group>"; };
		DCBEC92819EBFFC3004E4F8C /* ssl_cert.c */ = {isa = PBXFileReference; lastKnownFileType = sourcecode.c.c; name = ssl_cert.c; path = ../../../openssl/ssl/ssl_cert.c; sourceTree = "<group>"; };
		DCBEC92919EBFFC3004E4F8C /* ssl_ciph.c */ = {isa = PBXFileReference; lastKnownFileType = sourcecode.c.c; name = ssl_ciph.c; path = ../../../openssl/ssl/ssl_ciph.c; sourceTree = "<group>"; };
		DCBEC92A19EBFFC3004E4F8C /* ssl_err.c */ = {isa = PBXFileReference; lastKnownFileType = sourcecode.c.c; name = ssl_err.c; path = ../../../openssl/ssl/ssl_err.c; sourceTree = "<group>"; };
		DCBEC92B19EBFFC3004E4F8C /* ssl_err2.c */ = {isa = PBXFileReference; lastKnownFileType = sourcecode.c.c; name = ssl_err2.c; path = ../../../openssl/ssl/ssl_err2.c; sourceTree = "<group>"; };
		DCBEC92C19EBFFC3004E4F8C /* ssl_lib.c */ = {isa = PBXFileReference; lastKnownFileType = sourcecode.c.c; name = ssl_lib.c; path = ../../../openssl/ssl/ssl_lib.c; sourceTree = "<group>"; };
		DCBEC92D19EBFFC3004E4F8C /* ssl_rsa.c */ = {isa = PBXFileReference; lastKnownFileType = sourcecode.c.c; name = ssl_rsa.c; path = ../../../openssl/ssl/ssl_rsa.c; sourceTree = "<group>"; };
		DCBEC92E19EBFFC3004E4F8C /* ssl_sess.c */ = {isa = PBXFileReference; lastKnownFileType = sourcecode.c.c; name = ssl_sess.c; path = ../../../openssl/ssl/ssl_sess.c; sourceTree = "<group>"; };
		DCBEC92F19EBFFC3004E4F8C /* ssl_stat.c */ = {isa = PBXFileReference; lastKnownFileType = sourcecode.c.c; name = ssl_stat.c; path = ../../../openssl/ssl/ssl_stat.c; sourceTree = "<group>"; };
		DCBEC93019EBFFC3004E4F8C /* ssl_txt.c */ = {isa = PBXFileReference; lastKnownFileType = sourcecode.c.c; name = ssl_txt.c; path = ../../../openssl/ssl/ssl_txt.c; sourceTree = "<group>"; };
		DCBEC93119EBFFC3004E4F8C /* t1_enc.c */ = {isa = PBXFileReference; lastKnownFileType = sourcecode.c.c; name = t1_enc.c; path = ../../../openssl/ssl/t1_enc.c; sourceTree = "<group>"; };
		DCBEC93219EBFFC3004E4F8C /* t1_meth.c */ = {isa = PBXFileReference; lastKnownFileType = sourcecode.c.c; name = t1_meth.c; path = ../../../openssl/ssl/t1_meth.c; sourceTree = "<group>"; };
		DCBEC93319EBFFC3004E4F8C /* t1_reneg.c */ = {isa = PBXFileReference; lastKnownFileType = sourcecode.c.c; name = t1_reneg.c; path = ../../../openssl/ssl/t1_reneg.c; sourceTree = "<group>"; };
		DCEED1921983CB0B00D49E51 /* libopenssl.a */ = {isa = PBXFileReference; explicitFileType = archive.ar; includeInIndex = 0; path = libopenssl.a; sourceTree = BUILT_PRODUCTS_DIR; };
		DCEED1951983CB0B00D49E51 /* Foundation.framework */ = {isa = PBXFileReference; lastKnownFileType = wrapper.framework; name = Foundation.framework; path = System/Library/Frameworks/Foundation.framework; sourceTree = SDKROOT; };
		DCEED1991983CB0B00D49E51 /* openssl-Prefix.pch */ = {isa = PBXFileReference; lastKnownFileType = sourcecode.c.h; path = "openssl-Prefix.pch"; sourceTree = "<group>"; };
		DCEED1A31983CB0B00D49E51 /* XCTest.framework */ = {isa = PBXFileReference; lastKnownFileType = wrapper.framework; name = XCTest.framework; path = Library/Frameworks/XCTest.framework; sourceTree = DEVELOPER_DIR; };
		DCEED1A61983CB0B00D49E51 /* UIKit.framework */ = {isa = PBXFileReference; lastKnownFileType = wrapper.framework; name = UIKit.framework; path = Library/Frameworks/UIKit.framework; sourceTree = DEVELOPER_DIR; };
		DCEED1AD1983CB0B00D49E51 /* opensslTests-Info.plist */ = {isa = PBXFileReference; lastKnownFileType = text.plist.xml; path = "opensslTests-Info.plist"; sourceTree = "<group>"; };
		DCEED1AF1983CB0B00D49E51 /* en */ = {isa = PBXFileReference; lastKnownFileType = text.plist.strings; name = en; path = en.lproj/InfoPlist.strings; sourceTree = "<group>"; };
		DCEED1B11983CB0B00D49E51 /* opensslTests.m */ = {isa = PBXFileReference; lastKnownFileType = sourcecode.c.objc; path = opensslTests.m; sourceTree = "<group>"; };
		DCEED1C51983D44600D49E51 /* openssl */ = {isa = PBXFileReference; lastKnownFileType = folder; name = openssl; path = ../../../openssl/include/openssl; sourceTree = "<group>"; };
		DCEED1F81983D49D00D49E51 /* crypto.xcodeproj */ = {isa = PBXFileReference; lastKnownFileType = "wrapper.pb-project"; name = crypto.xcodeproj; path = crypto/crypto.xcodeproj; sourceTree = "<group>"; };
/* End PBXFileReference section */

/* Begin PBXFrameworksBuildPhase section */
		DCEED18F1983CB0B00D49E51 /* Frameworks */ = {
			isa = PBXFrameworksBuildPhase;
			buildActionMask = 2147483647;
			files = (
				DCBECB8719EF7356004E4F8C /* libcrypto.a in Frameworks */,
			);
			runOnlyForDeploymentPostprocessing = 0;
		};
/* End PBXFrameworksBuildPhase section */

/* Begin PBXGroup section */
		DCEED1891983CB0B00D49E51 = {
			isa = PBXGroup;
			children = (
				DCBEC91419EBFFC3004E4F8C /* bio_ssl.c */,
				DCBEC91519EBFFC3004E4F8C /* kssl.c */,
				DCBEC91619EBFFC3004E4F8C /* s2_enc.c */,
				DCBEC91719EBFFC3004E4F8C /* s2_lib.c */,
				DCBEC91819EBFFC3004E4F8C /* s2_meth.c */,
				DCBEC91919EBFFC3004E4F8C /* s2_pkt.c */,
				DCBEC91A19EBFFC3004E4F8C /* s2_srvr.c */,
				DCBEC91B19EBFFC3004E4F8C /* s3_both.c */,
				DCBEC91C19EBFFC3004E4F8C /* s3_enc.c */,
				DCBEC91D19EBFFC3004E4F8C /* s3_lib.c */,
				DCBEC91E19EBFFC3004E4F8C /* s3_meth.c */,
				DCBEC91F19EBFFC3004E4F8C /* s3_pkt.c */,
				DCBEC92019EBFFC3004E4F8C /* s3_srvr.c */,
				DCBEC92119EBFFC3004E4F8C /* s23_clnt.c */,
				DCBEC92219EBFFC3004E4F8C /* s23_lib.c */,
				DCBEC92319EBFFC3004E4F8C /* s23_meth.c */,
				DCBEC92419EBFFC3004E4F8C /* s23_pkt.c */,
				DCBEC92519EBFFC3004E4F8C /* s23_srvr.c */,
				DCBEC92619EBFFC3004E4F8C /* ssl_algs.c */,
				DCBEC92719EBFFC3004E4F8C /* ssl_asn1.c */,
				DCBEC92819EBFFC3004E4F8C /* ssl_cert.c */,
				DCBEC92919EBFFC3004E4F8C /* ssl_ciph.c */,
				DCBEC92A19EBFFC3004E4F8C /* ssl_err.c */,
				DCBEC92B19EBFFC3004E4F8C /* ssl_err2.c */,
				DCBEC92C19EBFFC3004E4F8C /* ssl_lib.c */,
				DCBEC92D19EBFFC3004E4F8C /* ssl_rsa.c */,
				DCBEC92E19EBFFC3004E4F8C /* ssl_sess.c */,
				DCBEC92F19EBFFC3004E4F8C /* ssl_stat.c */,
				DCBEC93019EBFFC3004E4F8C /* ssl_txt.c */,
				DCBEC93119EBFFC3004E4F8C /* t1_enc.c */,
				DCBEC93219EBFFC3004E4F8C /* t1_meth.c */,
				DCBEC93319EBFFC3004E4F8C /* t1_reneg.c */,
				DCEED1F81983D49D00D49E51 /* crypto.xcodeproj */,
				DCEED1C41983D3D000D49E51 /* include */,
				DCEED1971983CB0B00D49E51 /* openssl */,
				DCEED1AB1983CB0B00D49E51 /* opensslTests */,
				DCEED1941983CB0B00D49E51 /* Frameworks */,
				DCEED1931983CB0B00D49E51 /* Products */,
			);
			sourceTree = "<group>";
		};
		DCEED1931983CB0B00D49E51 /* Products */ = {
			isa = PBXGroup;
			children = (
				DCEED1921983CB0B00D49E51 /* libopenssl.a */,
			);
			name = Products;
			sourceTree = "<group>";
		};
		DCEED1941983CB0B00D49E51 /* Frameworks */ = {
			isa = PBXGroup;
			children = (
				DCEED1951983CB0B00D49E51 /* Foundation.framework */,
				DCEED1A31983CB0B00D49E51 /* XCTest.framework */,
				DCEED1A61983CB0B00D49E51 /* UIKit.framework */,
			);
			name = Frameworks;
			sourceTree = "<group>";
		};
		DCEED1971983CB0B00D49E51 /* openssl */ = {
			isa = PBXGroup;
			children = (
				DCEED1981983CB0B00D49E51 /* Supporting Files */,
			);
			path = openssl;
			sourceTree = "<group>";
		};
		DCEED1981983CB0B00D49E51 /* Supporting Files */ = {
			isa = PBXGroup;
			children = (
				DCEED1991983CB0B00D49E51 /* openssl-Prefix.pch */,
			);
			name = "Supporting Files";
			sourceTree = "<group>";
		};
		DCEED1AB1983CB0B00D49E51 /* opensslTests */ = {
			isa = PBXGroup;
			children = (
				DCEED1B11983CB0B00D49E51 /* opensslTests.m */,
				DCEED1AC1983CB0B00D49E51 /* Supporting Files */,
			);
			path = opensslTests;
			sourceTree = "<group>";
		};
		DCEED1AC1983CB0B00D49E51 /* Supporting Files */ = {
			isa = PBXGroup;
			children = (
				DCEED1AD1983CB0B00D49E51 /* opensslTests-Info.plist */,
				DCEED1AE1983CB0B00D49E51 /* InfoPlist.strings */,
			);
			name = "Supporting Files";
			sourceTree = "<group>";
		};
		DCEED1C41983D3D000D49E51 /* include */ = {
			isa = PBXGroup;
			children = (
				DCEED1C51983D44600D49E51 /* openssl */,
			);
			name = include;
			sourceTree = "<group>";
		};
		DCEED1F91983D49D00D49E51 /* Products */ = {
			isa = PBXGroup;
			children = (
				DCEED1FE1983D49D00D49E51 /* libcrypto.a */,
			);
			name = Products;
			sourceTree = "<group>";
		};
/* End PBXGroup section */

/* Begin PBXNativeTarget section */
		DCEED1911983CB0B00D49E51 /* openssl */ = {
			isa = PBXNativeTarget;
			buildConfigurationList = DCEED1B51983CB0B00D49E51 /* Build configuration list for PBXNativeTarget "openssl" */;
			buildPhases = (
				DCEED18E1983CB0B00D49E51 /* Sources */,
				DCEED18F1983CB0B00D49E51 /* Frameworks */,
				DCEED1901983CB0B00D49E51 /* CopyFiles */,
			);
			buildRules = (
			);
			dependencies = (
				DCBEC95619EC001C004E4F8C /* PBXTargetDependency */,
			);
			name = openssl;
			productName = openssl;
			productReference = DCEED1921983CB0B00D49E51 /* libopenssl.a */;
			productType = "com.apple.product-type.library.static";
		};
/* End PBXNativeTarget section */

/* Begin PBXProject section */
		DCEED18A1983CB0B00D49E51 /* Project object */ = {
			isa = PBXProject;
			attributes = {
				LastUpgradeCheck = 0510;
				ORGANIZATIONNAME = "garymabin@gmail.com";
			};
			buildConfigurationList = DCEED18D1983CB0B00D49E51 /* Build configuration list for PBXProject "openssl" */;
			compatibilityVersion = "Xcode 3.2";
			developmentRegion = English;
			hasScannedForEncodings = 0;
			knownRegions = (
				en,
			);
			mainGroup = DCEED1891983CB0B00D49E51;
			productRefGroup = DCEED1931983CB0B00D49E51 /* Products */;
			projectDirPath = "";
			projectReferences = (
				{
					ProductGroup = DCEED1F91983D49D00D49E51 /* Products */;
					ProjectRef = DCEED1F81983D49D00D49E51 /* crypto.xcodeproj */;
				},
			);
			projectRoot = "";
			targets = (
				DCEED1911983CB0B00D49E51 /* openssl */,
			);
		};
/* End PBXProject section */

/* Begin PBXReferenceProxy section */
		DCEED1FE1983D49D00D49E51 /* libcrypto.a */ = {
			isa = PBXReferenceProxy;
			fileType = archive.ar;
			path = libcrypto.a;
			remoteRef = DCEED1FD1983D49D00D49E51 /* PBXContainerItemProxy */;
			sourceTree = BUILT_PRODUCTS_DIR;
		};
/* End PBXReferenceProxy section */

/* Begin PBXSourcesBuildPhase section */
		DCEED18E1983CB0B00D49E51 /* Sources */ = {
			isa = PBXSourcesBuildPhase;
			buildActionMask = 2147483647;
			files = (
				DCBEC93419EBFFC3004E4F8C /* bio_ssl.c in Sources */,
				DCBEC93519EBFFC3004E4F8C /* kssl.c in Sources */,
				DCBEC93619EBFFC3004E4F8C /* s2_enc.c in Sources */,
				DCBEC93719EBFFC3004E4F8C /* s2_lib.c in Sources */,
				DCBEC93819EBFFC3004E4F8C /* s2_meth.c in Sources */,
				DCBEC93919EBFFC3004E4F8C /* s2_pkt.c in Sources */,
				DCBEC93A19EBFFC3004E4F8C /* s2_srvr.c in Sources */,
				DCBEC93B19EBFFC3004E4F8C /* s3_both.c in Sources */,
				DCBEC93C19EBFFC3004E4F8C /* s3_enc.c in Sources */,
				DCBEC93D19EBFFC3004E4F8C /* s3_lib.c in Sources */,
				DCBEC93E19EBFFC3004E4F8C /* s3_meth.c in Sources */,
				DCBEC93F19EBFFC3004E4F8C /* s3_pkt.c in Sources */,
				DCBEC94019EBFFC3004E4F8C /* s3_srvr.c in Sources */,
				DCBEC94119EBFFC3004E4F8C /* s23_clnt.c in Sources */,
				DCBEC94219EBFFC3004E4F8C /* s23_lib.c in Sources */,
				DCBEC94319EBFFC3004E4F8C /* s23_meth.c in Sources */,
				DCBEC94419EBFFC3004E4F8C /* s23_pkt.c in Sources */,
				DCBEC94519EBFFC3004E4F8C /* s23_srvr.c in Sources */,
				DCBEC94619EBFFC3004E4F8C /* ssl_algs.c in Sources */,
				DCBEC94719EBFFC3004E4F8C /* ssl_asn1.c in Sources */,
				DCBEC94819EBFFC3004E4F8C /* ssl_cert.c in Sources */,
				DCBEC94919EBFFC3004E4F8C /* ssl_ciph.c in Sources */,
				DCBEC94A19EBFFC3004E4F8C /* ssl_err.c in Sources */,
				DCBEC94B19EBFFC3004E4F8C /* ssl_err2.c in Sources */,
				DCBEC94C19EBFFC3004E4F8C /* ssl_lib.c in Sources */,
				DCBEC94D19EBFFC3004E4F8C /* ssl_rsa.c in Sources */,
				DCBEC94E19EBFFC3004E4F8C /* ssl_sess.c in Sources */,
				DCBEC94F19EBFFC3004E4F8C /* ssl_stat.c in Sources */,
				DCBEC95019EBFFC3004E4F8C /* ssl_txt.c in Sources */,
				DCBEC95119EBFFC3004E4F8C /* t1_enc.c in Sources */,
				DCBEC95219EBFFC3004E4F8C /* t1_meth.c in Sources */,
				DCBEC95319EBFFC3004E4F8C /* t1_reneg.c in Sources */,
			);
			runOnlyForDeploymentPostprocessing = 0;
		};
/* End PBXSourcesBuildPhase section */

/* Begin PBXTargetDependency section */
		DCBEC95619EC001C004E4F8C /* PBXTargetDependency */ = {
			isa = PBXTargetDependency;
			name = crypto;
			targetProxy = DCBEC95519EC001C004E4F8C /* PBXContainerItemProxy */;
		};
/* End PBXTargetDependency section */

/* Begin PBXVariantGroup section */
		DCEED1AE1983CB0B00D49E51 /* InfoPlist.strings */ = {
			isa = PBXVariantGroup;
			children = (
				DCEED1AF1983CB0B00D49E51 /* en */,
			);
			name = InfoPlist.strings;
			sourceTree = "<group>";
		};
/* End PBXVariantGroup section */

/* Begin XCBuildConfiguration section */
		DCEED1B31983CB0B00D49E51 /* Debug */ = {
			isa = XCBuildConfiguration;
			buildSettings = {
				ALWAYS_SEARCH_USER_PATHS = NO;
				CLANG_CXX_LANGUAGE_STANDARD = "gnu++0x";
				CLANG_CXX_LIBRARY = "libc++";
				CLANG_ENABLE_MODULES = YES;
				CLANG_ENABLE_OBJC_ARC = YES;
				CLANG_WARN_BOOL_CONVERSION = YES;
				CLANG_WARN_CONSTANT_CONVERSION = YES;
				CLANG_WARN_DIRECT_OBJC_ISA_USAGE = YES_ERROR;
				CLANG_WARN_EMPTY_BODY = YES;
				CLANG_WARN_ENUM_CONVERSION = YES;
				CLANG_WARN_INT_CONVERSION = YES;
				CLANG_WARN_OBJC_ROOT_CLASS = YES_ERROR;
				CLANG_WARN__DUPLICATE_METHOD_MATCH = YES;
				COPY_PHASE_STRIP = NO;
				GCC_C_LANGUAGE_STANDARD = gnu99;
				GCC_DYNAMIC_NO_PIC = NO;
				GCC_OPTIMIZATION_LEVEL = 0;
				GCC_PREPROCESSOR_DEFINITIONS = (
					"DEBUG=1",
					"$(inherited)",
				);
				GCC_SYMBOLS_PRIVATE_EXTERN = NO;
				GCC_WARN_64_TO_32_BIT_CONVERSION = YES;
				GCC_WARN_ABOUT_RETURN_TYPE = YES_ERROR;
				GCC_WARN_UNDECLARED_SELECTOR = YES;
				GCC_WARN_UNINITIALIZED_AUTOS = YES_AGGRESSIVE;
				GCC_WARN_UNUSED_FUNCTION = YES;
				GCC_WARN_UNUSED_VARIABLE = YES;
				IPHONEOS_DEPLOYMENT_TARGET = 7.1;
				ONLY_ACTIVE_ARCH = YES;
				SDKROOT = iphoneos;
			};
			name = Debug;
		};
		DCEED1B41983CB0B00D49E51 /* Release */ = {
			isa = XCBuildConfiguration;
			buildSettings = {
				ALWAYS_SEARCH_USER_PATHS = NO;
				CLANG_CXX_LANGUAGE_STANDARD = "gnu++0x";
				CLANG_CXX_LIBRARY = "libc++";
				CLANG_ENABLE_MODULES = YES;
				CLANG_ENABLE_OBJC_ARC = YES;
				CLANG_WARN_BOOL_CONVERSION = YES;
				CLANG_WARN_CONSTANT_CONVERSION = YES;
				CLANG_WARN_DIRECT_OBJC_ISA_USAGE = YES_ERROR;
				CLANG_WARN_EMPTY_BODY = YES;
				CLANG_WARN_ENUM_CONVERSION = YES;
				CLANG_WARN_INT_CONVERSION = YES;
				CLANG_WARN_OBJC_ROOT_CLASS = YES_ERROR;
				CLANG_WARN__DUPLICATE_METHOD_MATCH = YES;
				COPY_PHASE_STRIP = YES;
				ENABLE_NS_ASSERTIONS = NO;
				GCC_C_LANGUAGE_STANDARD = gnu99;
				GCC_WARN_64_TO_32_BIT_CONVERSION = YES;
				GCC_WARN_ABOUT_RETURN_TYPE = YES_ERROR;
				GCC_WARN_UNDECLARED_SELECTOR = YES;
				GCC_WARN_UNINITIALIZED_AUTOS = YES_AGGRESSIVE;
				GCC_WARN_UNUSED_FUNCTION = YES;
				GCC_WARN_UNUSED_VARIABLE = YES;
				IPHONEOS_DEPLOYMENT_TARGET = 7.1;
				SDKROOT = iphoneos;
				VALIDATE_PRODUCT = YES;
			};
			name = Release;
		};
		DCEED1B61983CB0B00D49E51 /* Debug */ = {
			isa = XCBuildConfiguration;
			buildSettings = {
				DSTROOT = /tmp/openssl.dst;
				GCC_PRECOMPILE_PREFIX_HEADER = YES;
				GCC_PREFIX_HEADER = "openssl/openssl-Prefix.pch";
				HEADER_SEARCH_PATHS = (
					"$(inherited)",
					/Applications/Xcode.app/Contents/Developer/Toolchains/OSX10.9.xctoolchain/usr/include,
					"$(PROJECT_DIR)/../../../openssl/include",
					"$(PROJECT_DIR)/../../../openssl/crypto",
				);
				OTHER_LDFLAGS = "-ObjC";
				PRODUCT_NAME = "$(TARGET_NAME)";
				SKIP_INSTALL = YES;
				USER_HEADER_SEARCH_PATHS = "$(PROJECT_DIR)/../../../openssl";
			};
			name = Debug;
		};
		DCEED1B71983CB0B00D49E51 /* Release */ = {
			isa = XCBuildConfiguration;
			buildSettings = {
				DSTROOT = /tmp/openssl.dst;
				GCC_PRECOMPILE_PREFIX_HEADER = YES;
				GCC_PREFIX_HEADER = "openssl/openssl-Prefix.pch";
				HEADER_SEARCH_PATHS = (
					"$(inherited)",
					/Applications/Xcode.app/Contents/Developer/Toolchains/OSX10.9.xctoolchain/usr/include,
					"$(PROJECT_DIR)/../../../openssl/include",
					"$(PROJECT_DIR)/../../../openssl/crypto",
				);
				OTHER_LDFLAGS = "-ObjC";
				PRODUCT_NAME = "$(TARGET_NAME)";
				SKIP_INSTALL = YES;
				USER_HEADER_SEARCH_PATHS = "$(PROJECT_DIR)/../../../openssl";
			};
			name = Release;
		};
/* End XCBuildConfiguration section */

/* Begin XCConfigurationList section */
		DCEED18D1983CB0B00D49E51 /* Build configuration list for PBXProject "openssl" */ = {
			isa = XCConfigurationList;
			buildConfigurations = (
				DCEED1B31983CB0B00D49E51 /* Debug */,
				DCEED1B41983CB0B00D49E51 /* Release */,
			);
			defaultConfigurationIsVisible = 0;
			defaultConfigurationName = Release;
		};
		DCEED1B51983CB0B00D49E51 /* Build configuration list for PBXNativeTarget "openssl" */ = {
			isa = XCConfigurationList;
			buildConfigurations = (
				DCEED1B61983CB0B00D49E51 /* Debug */,
				DCEED1B71983CB0B00D49E51 /* Release */,
			);
			defaultConfigurationIsVisible = 0;
			defaultConfigurationName = Release;
		};
/* End XCConfigurationList section */
	};
	rootObject = DCEED18A1983CB0B00D49E51 /* Project object */;
}
