// !$*UTF8*$!
{
	archiveVersion = 1;
	classes = {
	};
	objectVersion = 46;
	objects = {

/* Begin PBXBuildFile section */
		DCBEC97319EC00D8004E4F8C /* buffer.c in Sources */ = {isa = PBXBuildFile; fileRef = DCBEC95A19EC00D8004E4F8C /* buffer.c */; };
		DCBEC97419EC00D8004E4F8C /* bufferevent_filter.c in Sources */ = {isa = PBXBuildFile; fileRef = DCBEC95B19EC00D8004E4F8C /* bufferevent_filter.c */; };
		DCBEC97519EC00D8004E4F8C /* bufferevent_openssl.c in Sources */ = {isa = PBXBuildFile; fileRef = DCBEC95C19EC00D8004E4F8C /* bufferevent_openssl.c */; };
		DCBEC97619EC00D8004E4F8C /* bufferevent_pair.c in Sources */ = {isa = PBXBuildFile; fileRef = DCBEC95D19EC00D8004E4F8C /* bufferevent_pair.c */; };
		DCBEC97719EC00D8004E4F8C /* bufferevent_ratelim.c in Sources */ = {isa = PBXBuildFile; fileRef = DCBEC95E19EC00D8004E4F8C /* bufferevent_ratelim.c */; };
		DCBEC97819EC00D8004E4F8C /* bufferevent_sock.c in Sources */ = {isa = PBXBuildFile; fileRef = DCBEC95F19EC00D8004E4F8C /* bufferevent_sock.c */; };
		DCBEC97919EC00D8004E4F8C /* bufferevent.c in Sources */ = {isa = PBXBuildFile; fileRef = DCBEC96019EC00D8004E4F8C /* bufferevent.c */; };
		DCBEC97C19EC00D8004E4F8C /* evdns.c in Sources */ = {isa = PBXBuildFile; fileRef = DCBEC96319EC00D8004E4F8C /* evdns.c */; };
		DCBEC97D19EC00D8004E4F8C /* event_tagging.c in Sources */ = {isa = PBXBuildFile; fileRef = DCBEC96419EC00D8004E4F8C /* event_tagging.c */; };
		DCBEC97E19EC00D8004E4F8C /* event.c in Sources */ = {isa = PBXBuildFile; fileRef = DCBEC96519EC00D8004E4F8C /* event.c */; };
		DCBEC97F19EC00D8004E4F8C /* evmap.c in Sources */ = {isa = PBXBuildFile; fileRef = DCBEC96619EC00D8004E4F8C /* evmap.c */; };
		DCBEC98019EC00D8004E4F8C /* evrpc.c in Sources */ = {isa = PBXBuildFile; fileRef = DCBEC96719EC00D8004E4F8C /* evrpc.c */; };
		DCBEC98119EC00D8004E4F8C /* evthread_pthread.c in Sources */ = {isa = PBXBuildFile; fileRef = DCBEC96819EC00D8004E4F8C /* evthread_pthread.c */; };
		DCBEC98219EC00D8004E4F8C /* evthread.c in Sources */ = {isa = PBXBuildFile; fileRef = DCBEC96919EC00D8004E4F8C /* evthread.c */; };
		DCBEC98319EC00D8004E4F8C /* evutil_rand.c in Sources */ = {isa = PBXBuildFile; fileRef = DCBEC96A19EC00D8004E4F8C /* evutil_rand.c */; };
		DCBEC98419EC00D8004E4F8C /* evutil.c in Sources */ = {isa = PBXBuildFile; fileRef = DCBEC96B19EC00D8004E4F8C /* evutil.c */; };
		DCBEC98519EC00D8004E4F8C /* http.c in Sources */ = {isa = PBXBuildFile; fileRef = DCBEC96C19EC00D8004E4F8C /* http.c */; };
		DCBEC98619EC00D8004E4F8C /* listener.c in Sources */ = {isa = PBXBuildFile; fileRef = DCBEC96D19EC00D8004E4F8C /* listener.c */; };
		DCBEC98719EC00D8004E4F8C /* log.c in Sources */ = {isa = PBXBuildFile; fileRef = DCBEC96E19EC00D8004E4F8C /* log.c */; };
		DCBEC98819EC00D8004E4F8C /* poll.c in Sources */ = {isa = PBXBuildFile; fileRef = DCBEC96F19EC00D8004E4F8C /* poll.c */; };
		DCBEC98919EC00D8004E4F8C /* select.c in Sources */ = {isa = PBXBuildFile; fileRef = DCBEC97019EC00D8004E4F8C /* select.c */; };
		DCBEC98A19EC00D8004E4F8C /* signal.c in Sources */ = {isa = PBXBuildFile; fileRef = DCBEC97119EC00D8004E4F8C /* signal.c */; };
		DCBEC98B19EC00D8004E4F8C /* strlcpy.c in Sources */ = {isa = PBXBuildFile; fileRef = DCBEC97219EC00D8004E4F8C /* strlcpy.c */; };
		DCBECB8519EF731C004E4F8C /* libopenssl.a in Frameworks */ = {isa = PBXBuildFile; fileRef = DCEED1C11983CB0B00D49E51 /* libopenssl.a */; };
/* End PBXBuildFile section */

/* Begin PBXContainerItemProxy section */
		DCBEC95719EC0023004E4F8C /* PBXContainerItemProxy */ = {
			isa = PBXContainerItemProxy;
			containerPortal = DCEED1BB1983CB0B00D49E51 /* openssl.xcodeproj */;
			proxyType = 1;
			remoteGlobalIDString = DCEED1911983CB0B00D49E51;
			remoteInfo = openssl;
		};
		DCEED1C01983CB0B00D49E51 /* PBXContainerItemProxy */ = {
			isa = PBXContainerItemProxy;
			containerPortal = DCEED1BB1983CB0B00D49E51 /* openssl.xcodeproj */;
			proxyType = 2;
			remoteGlobalIDString = DCEED1921983CB0B00D49E51;
			remoteInfo = openssl;
		};
/* End PBXContainerItemProxy section */

/* Begin PBXCopyFilesBuildPhase section */
		DCEED1191983C70000D49E51 /* CopyFiles */ = {
			isa = PBXCopyFilesBuildPhase;
			buildActionMask = 2147483647;
			dstPath = "include/$(PRODUCT_NAME)";
			dstSubfolderSpec = 16;
			files = (
			);
			runOnlyForDeploymentPostprocessing = 0;
		};
/* End PBXCopyFilesBuildPhase section */

/* Begin PBXFileReference section */
		DCBEC95A19EC00D8004E4F8C /* buffer.c */ = {isa = PBXFileReference; lastKnownFileType = sourcecode.c.c; name = buffer.c; path = ../buffer.c; sourceTree = "<group>"; };
		DCBEC95B19EC00D8004E4F8C /* bufferevent_filter.c */ = {isa = PBXFileReference; lastKnownFileType = sourcecode.c.c; name = bufferevent_filter.c; path = ../bufferevent_filter.c; sourceTree = "<group>"; };
		DCBEC95C19EC00D8004E4F8C /* bufferevent_openssl.c */ = {isa = PBXFileReference; lastKnownFileType = sourcecode.c.c; name = bufferevent_openssl.c; path = ../bufferevent_openssl.c; sourceTree = "<group>"; };
		DCBEC95D19EC00D8004E4F8C /* bufferevent_pair.c */ = {isa = PBXFileReference; lastKnownFileType = sourcecode.c.c; name = bufferevent_pair.c; path = ../bufferevent_pair.c; sourceTree = "<group>"; };
		DCBEC95E19EC00D8004E4F8C /* bufferevent_ratelim.c */ = {isa = PBXFileReference; lastKnownFileType = sourcecode.c.c; name = bufferevent_ratelim.c; path = ../bufferevent_ratelim.c; sourceTree = "<group>"; };
		DCBEC95F19EC00D8004E4F8C /* bufferevent_sock.c */ = {isa = PBXFileReference; lastKnownFileType = sourcecode.c.c; name = bufferevent_sock.c; path = ../bufferevent_sock.c; sourceTree = "<group>"; };
		DCBEC96019EC00D8004E4F8C /* bufferevent.c */ = {isa = PBXFileReference; lastKnownFileType = sourcecode.c.c; name = bufferevent.c; path = ../bufferevent.c; sourceTree = "<group>"; };
		DCBEC96119EC00D8004E4F8C /* epoll_sub.c */ = {isa = PBXFileReference; lastKnownFileType = sourcecode.c.c; name = epoll_sub.c; path = ../epoll_sub.c; sourceTree = "<group>"; };
		DCBEC96219EC00D8004E4F8C /* epoll.c */ = {isa = PBXFileReference; lastKnownFileType = sourcecode.c.c; name = epoll.c; path = ../epoll.c; sourceTree = "<group>"; };
		DCBEC96319EC00D8004E4F8C /* evdns.c */ = {isa = PBXFileReference; lastKnownFileType = sourcecode.c.c; name = evdns.c; path = ../evdns.c; sourceTree = "<group>"; };
		DCBEC96419EC00D8004E4F8C /* event_tagging.c */ = {isa = PBXFileReference; lastKnownFileType = sourcecode.c.c; name = event_tagging.c; path = ../event_tagging.c; sourceTree = "<group>"; };
		DCBEC96519EC00D8004E4F8C /* event.c */ = {isa = PBXFileReference; lastKnownFileType = sourcecode.c.c; name = event.c; path = ../event.c; sourceTree = "<group>"; };
		DCBEC96619EC00D8004E4F8C /* evmap.c */ = {isa = PBXFileReference; lastKnownFileType = sourcecode.c.c; name = evmap.c; path = ../evmap.c; sourceTree = "<group>"; };
		DCBEC96719EC00D8004E4F8C /* evrpc.c */ = {isa = PBXFileReference; lastKnownFileType = sourcecode.c.c; name = evrpc.c; path = ../evrpc.c; sourceTree = "<group>"; };
		DCBEC96819EC00D8004E4F8C /* evthread_pthread.c */ = {isa = PBXFileReference; lastKnownFileType = sourcecode.c.c; name = evthread_pthread.c; path = ../evthread_pthread.c; sourceTree = "<group>"; };
		DCBEC96919EC00D8004E4F8C /* evthread.c */ = {isa = PBXFileReference; lastKnownFileType = sourcecode.c.c; name = evthread.c; path = ../evthread.c; sourceTree = "<group>"; };
		DCBEC96A19EC00D8004E4F8C /* evutil_rand.c */ = {isa = PBXFileReference; lastKnownFileType = sourcecode.c.c; name = evutil_rand.c; path = ../evutil_rand.c; sourceTree = "<group>"; };
		DCBEC96B19EC00D8004E4F8C /* evutil.c */ = {isa = PBXFileReference; lastKnownFileType = sourcecode.c.c; name = evutil.c; path = ../evutil.c; sourceTree = "<group>"; };
		DCBEC96C19EC00D8004E4F8C /* http.c */ = {isa = PBXFileReference; lastKnownFileType = sourcecode.c.c; name = http.c; path = ../http.c; sourceTree = "<group>"; };
		DCBEC96D19EC00D8004E4F8C /* listener.c */ = {isa = PBXFileReference; lastKnownFileType = sourcecode.c.c; name = listener.c; path = ../listener.c; sourceTree = "<group>"; };
		DCBEC96E19EC00D8004E4F8C /* log.c */ = {isa = PBXFileReference; lastKnownFileType = sourcecode.c.c; name = log.c; path = ../log.c; sourceTree = "<group>"; };
		DCBEC96F19EC00D8004E4F8C /* poll.c */ = {isa = PBXFileReference; lastKnownFileType = sourcecode.c.c; name = poll.c; path = ../poll.c; sourceTree = "<group>"; };
		DCBEC97019EC00D8004E4F8C /* select.c */ = {isa = PBXFileReference; lastKnownFileType = sourcecode.c.c; name = select.c; path = ../select.c; sourceTree = "<group>"; };
		DCBEC97119EC00D8004E4F8C /* signal.c */ = {isa = PBXFileReference; lastKnownFileType = sourcecode.c.c; name = signal.c; path = ../signal.c; sourceTree = "<group>"; };
		DCBEC97219EC00D8004E4F8C /* strlcpy.c */ = {isa = PBXFileReference; lastKnownFileType = sourcecode.c.c; name = strlcpy.c; path = ../strlcpy.c; sourceTree = "<group>"; };
		DCEED11B1983C70000D49E51 /* liblibevent.a */ = {isa = PBXFileReference; explicitFileType = archive.ar; includeInIndex = 0; path = liblibevent.a; sourceTree = BUILT_PRODUCTS_DIR; };
		DCEED11E1983C70000D49E51 /* Foundation.framework */ = {isa = PBXFileReference; lastKnownFileType = wrapper.framework; name = Foundation.framework; path = System/Library/Frameworks/Foundation.framework; sourceTree = SDKROOT; };
		DCEED1221983C70000D49E51 /* libevent-Prefix.pch */ = {isa = PBXFileReference; lastKnownFileType = sourcecode.c.h; path = "libevent-Prefix.pch"; sourceTree = "<group>"; };
		DCEED12C1983C70000D49E51 /* XCTest.framework */ = {isa = PBXFileReference; lastKnownFileType = wrapper.framework; name = XCTest.framework; path = Library/Frameworks/XCTest.framework; sourceTree = DEVELOPER_DIR; };
		DCEED12F1983C70000D49E51 /* UIKit.framework */ = {isa = PBXFileReference; lastKnownFileType = wrapper.framework; name = UIKit.framework; path = Library/Frameworks/UIKit.framework; sourceTree = DEVELOPER_DIR; };
		DCEED1BB1983CB0B00D49E51 /* openssl.xcodeproj */ = {isa = PBXFileReference; lastKnownFileType = "wrapper.pb-project"; name = openssl.xcodeproj; path = openssl/openssl.xcodeproj; sourceTree = "<group>"; };
/* End PBXFileReference section */

/* Begin PBXFrameworksBuildPhase section */
		DCEED1181983C70000D49E51 /* Frameworks */ = {
			isa = PBXFrameworksBuildPhase;
			buildActionMask = 2147483647;
			files = (
				DCBECB8519EF731C004E4F8C /* libopenssl.a in Frameworks */,
			);
			runOnlyForDeploymentPostprocessing = 0;
		};
/* End PBXFrameworksBuildPhase section */

/* Begin PBXGroup section */
		DCEED1121983C70000D49E51 = {
			isa = PBXGroup;
			children = (
				DCBEC95A19EC00D8004E4F8C /* buffer.c */,
				DCBEC95B19EC00D8004E4F8C /* bufferevent_filter.c */,
				DCBEC95C19EC00D8004E4F8C /* bufferevent_openssl.c */,
				DCBEC95D19EC00D8004E4F8C /* bufferevent_pair.c */,
				DCBEC95E19EC00D8004E4F8C /* bufferevent_ratelim.c */,
				DCBEC95F19EC00D8004E4F8C /* bufferevent_sock.c */,
				DCBEC96019EC00D8004E4F8C /* bufferevent.c */,
				DCBEC96119EC00D8004E4F8C /* epoll_sub.c */,
				DCBEC96219EC00D8004E4F8C /* epoll.c */,
				DCBEC96319EC00D8004E4F8C /* evdns.c */,
				DCBEC96419EC00D8004E4F8C /* event_tagging.c */,
				DCBEC96519EC00D8004E4F8C /* event.c */,
				DCBEC96619EC00D8004E4F8C /* evmap.c */,
				DCBEC96719EC00D8004E4F8C /* evrpc.c */,
				DCBEC96819EC00D8004E4F8C /* evthread_pthread.c */,
				DCBEC96919EC00D8004E4F8C /* evthread.c */,
				DCBEC96A19EC00D8004E4F8C /* evutil_rand.c */,
				DCBEC96B19EC00D8004E4F8C /* evutil.c */,
				DCBEC96C19EC00D8004E4F8C /* http.c */,
				DCBEC96D19EC00D8004E4F8C /* listener.c */,
				DCBEC96E19EC00D8004E4F8C /* log.c */,
				DCBEC96F19EC00D8004E4F8C /* poll.c */,
				DCBEC97019EC00D8004E4F8C /* select.c */,
				DCBEC97119EC00D8004E4F8C /* signal.c */,
				DCBEC97219EC00D8004E4F8C /* strlcpy.c */,
				DCEED1BB1983CB0B00D49E51 /* openssl.xcodeproj */,
				DCEED1201983C70000D49E51 /* libevent */,
				DCEED11D1983C70000D49E51 /* Frameworks */,
				DCEED11C1983C70000D49E51 /* Products */,
			);
			sourceTree = "<group>";
		};
		DCEED11C1983C70000D49E51 /* Products */ = {
			isa = PBXGroup;
			children = (
				DCEED11B1983C70000D49E51 /* liblibevent.a */,
			);
			name = Products;
			sourceTree = "<group>";
		};
		DCEED11D1983C70000D49E51 /* Frameworks */ = {
			isa = PBXGroup;
			children = (
				DCEED11E1983C70000D49E51 /* Foundation.framework */,
				DCEED12C1983C70000D49E51 /* XCTest.framework */,
				DCEED12F1983C70000D49E51 /* UIKit.framework */,
			);
			name = Frameworks;
			sourceTree = "<group>";
		};
		DCEED1201983C70000D49E51 /* libevent */ = {
			isa = PBXGroup;
			children = (
				DCEED1211983C70000D49E51 /* Supporting Files */,
			);
			path = libevent;
			sourceTree = "<group>";
		};
		DCEED1211983C70000D49E51 /* Supporting Files */ = {
			isa = PBXGroup;
			children = (
				DCEED1221983C70000D49E51 /* libevent-Prefix.pch */,
			);
			name = "Supporting Files";
			sourceTree = "<group>";
		};
		DCEED1BC1983CB0B00D49E51 /* Products */ = {
			isa = PBXGroup;
			children = (
				DCEED1C11983CB0B00D49E51 /* libopenssl.a */,
			);
			name = Products;
			sourceTree = "<group>";
		};
/* End PBXGroup section */

/* Begin PBXNativeTarget section */
		DCEED11A1983C70000D49E51 /* libevent */ = {
			isa = PBXNativeTarget;
			buildConfigurationList = DCEED13E1983C70000D49E51 /* Build configuration list for PBXNativeTarget "libevent" */;
			buildPhases = (
				DCEED1171983C70000D49E51 /* Sources */,
				DCEED1181983C70000D49E51 /* Frameworks */,
				DCEED1191983C70000D49E51 /* CopyFiles */,
			);
			buildRules = (
			);
			dependencies = (
				DCBEC95819EC0023004E4F8C /* PBXTargetDependency */,
			);
			name = libevent;
			productName = libevent;
			productReference = DCEED11B1983C70000D49E51 /* liblibevent.a */;
			productType = "com.apple.product-type.library.static";
		};
/* End PBXNativeTarget section */

/* Begin PBXProject section */
		DCEED1131983C70000D49E51 /* Project object */ = {
			isa = PBXProject;
			attributes = {
				LastUpgradeCheck = 0510;
				ORGANIZATIONNAME = "garymabin@gmail.com";
			};
			buildConfigurationList = DCEED1161983C70000D49E51 /* Build configuration list for PBXProject "libevent" */;
			compatibilityVersion = "Xcode 3.2";
			developmentRegion = English;
			hasScannedForEncodings = 0;
			knownRegions = (
				en,
			);
			mainGroup = DCEED1121983C70000D49E51;
			productRefGroup = DCEED11C1983C70000D49E51 /* Products */;
			projectDirPath = "";
			projectReferences = (
				{
					ProductGroup = DCEED1BC1983CB0B00D49E51 /* Products */;
					ProjectRef = DCEED1BB1983CB0B00D49E51 /* openssl.xcodeproj */;
				},
			);
			projectRoot = "";
			targets = (
				DCEED11A1983C70000D49E51 /* libevent */,
			);
		};
/* End PBXProject section */

/* Begin PBXReferenceProxy section */
		DCEED1C11983CB0B00D49E51 /* libopenssl.a */ = {
			isa = PBXReferenceProxy;
			fileType = archive.ar;
			path = libopenssl.a;
			remoteRef = DCEED1C01983CB0B00D49E51 /* PBXContainerItemProxy */;
			sourceTree = BUILT_PRODUCTS_DIR;
		};
/* End PBXReferenceProxy section */

/* Begin PBXSourcesBuildPhase section */
		DCEED1171983C70000D49E51 /* Sources */ = {
			isa = PBXSourcesBuildPhase;
			buildActionMask = 2147483647;
			files = (
				DCBEC97319EC00D8004E4F8C /* buffer.c in Sources */,
				DCBEC97419EC00D8004E4F8C /* bufferevent_filter.c in Sources */,
				DCBEC97519EC00D8004E4F8C /* bufferevent_openssl.c in Sources */,
				DCBEC97619EC00D8004E4F8C /* bufferevent_pair.c in Sources */,
				DCBEC97719EC00D8004E4F8C /* bufferevent_ratelim.c in Sources */,
				DCBEC97819EC00D8004E4F8C /* bufferevent_sock.c in Sources */,
				DCBEC97919EC00D8004E4F8C /* bufferevent.c in Sources */,
				DCBEC97C19EC00D8004E4F8C /* evdns.c in Sources */,
				DCBEC97D19EC00D8004E4F8C /* event_tagging.c in Sources */,
				DCBEC97E19EC00D8004E4F8C /* event.c in Sources */,
				DCBEC97F19EC00D8004E4F8C /* evmap.c in Sources */,
				DCBEC98019EC00D8004E4F8C /* evrpc.c in Sources */,
				DCBEC98119EC00D8004E4F8C /* evthread_pthread.c in Sources */,
				DCBEC98219EC00D8004E4F8C /* evthread.c in Sources */,
				DCBEC98319EC00D8004E4F8C /* evutil_rand.c in Sources */,
				DCBEC98419EC00D8004E4F8C /* evutil.c in Sources */,
				DCBEC98519EC00D8004E4F8C /* http.c in Sources */,
				DCBEC98619EC00D8004E4F8C /* listener.c in Sources */,
				DCBEC98719EC00D8004E4F8C /* log.c in Sources */,
				DCBEC98819EC00D8004E4F8C /* poll.c in Sources */,
				DCBEC98919EC00D8004E4F8C /* select.c in Sources */,
				DCBEC98A19EC00D8004E4F8C /* signal.c in Sources */,
				DCBEC98B19EC00D8004E4F8C /* strlcpy.c in Sources */,
			);
			runOnlyForDeploymentPostprocessing = 0;
		};
/* End PBXSourcesBuildPhase section */

/* Begin PBXTargetDependency section */
		DCBEC95819EC0023004E4F8C /* PBXTargetDependency */ = {
			isa = PBXTargetDependency;
			name = openssl;
			targetProxy = DCBEC95719EC0023004E4F8C /* PBXContainerItemProxy */;
		};
/* End PBXTargetDependency section */

/* Begin XCBuildConfiguration section */
		DCEED13C1983C70000D49E51 /* Debug */ = {
			isa = XCBuildConfiguration;
			buildSettings = {
				ALWAYS_SEARCH_USER_PATHS = NO;
				CLANG_CXX_LANGUAGE_STANDARD = "gnu++0x";
				CLANG_CXX_LIBRARY = "libc++";
				CLANG_ENABLE_MODULES = YES;
				CLANG_ENABLE_OBJC_ARC = YES;
				CLANG_WARN_BOOL_CONVERSION = YES;
				CLANG_WARN_CONSTANT_CONVERSION = YES;
				CLANG_WARN_DIRECT_OBJC_ISA_USAGE = YES_ERROR;
				CLANG_WARN_EMPTY_BODY = YES;
				CLANG_WARN_ENUM_CONVERSION = YES;
				CLANG_WARN_INT_CONVERSION = YES;
				CLANG_WARN_OBJC_ROOT_CLASS = YES_ERROR;
				CLANG_WARN__DUPLICATE_METHOD_MATCH = YES;
				COPY_PHASE_STRIP = NO;
				GCC_C_LANGUAGE_STANDARD = gnu99;
				GCC_DYNAMIC_NO_PIC = NO;
				GCC_OPTIMIZATION_LEVEL = 0;
				GCC_PREPROCESSOR_DEFINITIONS = (
					"DEBUG=1",
					"$(inherited)",
				);
				GCC_SYMBOLS_PRIVATE_EXTERN = NO;
				GCC_WARN_64_TO_32_BIT_CONVERSION = YES;
				GCC_WARN_ABOUT_RETURN_TYPE = YES_ERROR;
				GCC_WARN_UNDECLARED_SELECTOR = YES;
				GCC_WARN_UNINITIALIZED_AUTOS = YES_AGGRESSIVE;
				GCC_WARN_UNUSED_FUNCTION = YES;
				GCC_WARN_UNUSED_VARIABLE = YES;
				IPHONEOS_DEPLOYMENT_TARGET = 7.1;
				ONLY_ACTIVE_ARCH = YES;
				SDKROOT = iphoneos;
			};
			name = Debug;
		};
		DCEED13D1983C70000D49E51 /* Release */ = {
			isa = XCBuildConfiguration;
			buildSettings = {
				ALWAYS_SEARCH_USER_PATHS = NO;
				CLANG_CXX_LANGUAGE_STANDARD = "gnu++0x";
				CLANG_CXX_LIBRARY = "libc++";
				CLANG_ENABLE_MODULES = YES;
				CLANG_ENABLE_OBJC_ARC = YES;
				CLANG_WARN_BOOL_CONVERSION = YES;
				CLANG_WARN_CONSTANT_CONVERSION = YES;
				CLANG_WARN_DIRECT_OBJC_ISA_USAGE = YES_ERROR;
				CLANG_WARN_EMPTY_BODY = YES;
				CLANG_WARN_ENUM_CONVERSION = YES;
				CLANG_WARN_INT_CONVERSION = YES;
				CLANG_WARN_OBJC_ROOT_CLASS = YES_ERROR;
				CLANG_WARN__DUPLICATE_METHOD_MATCH = YES;
				COPY_PHASE_STRIP = YES;
				ENABLE_NS_ASSERTIONS = NO;
				GCC_C_LANGUAGE_STANDARD = gnu99;
				GCC_WARN_64_TO_32_BIT_CONVERSION = YES;
				GCC_WARN_ABOUT_RETURN_TYPE = YES_ERROR;
				GCC_WARN_UNDECLARED_SELECTOR = YES;
				GCC_WARN_UNINITIALIZED_AUTOS = YES_AGGRESSIVE;
				GCC_WARN_UNUSED_FUNCTION = YES;
				GCC_WARN_UNUSED_VARIABLE = YES;
				IPHONEOS_DEPLOYMENT_TARGET = 7.1;
				SDKROOT = iphoneos;
				VALIDATE_PRODUCT = YES;
			};
			name = Release;
		};
		DCEED13F1983C70000D49E51 /* Debug */ = {
			isa = XCBuildConfiguration;
			buildSettings = {
				DSTROOT = /tmp/libevent.dst;
				GCC_PRECOMPILE_PREFIX_HEADER = YES;
				GCC_PREFIX_HEADER = "libevent/libevent-Prefix.pch";
				HEADER_SEARCH_PATHS = (
					"$(inherited)",
					/Applications/Xcode.app/Contents/Developer/Toolchains/OSX10.9.xctoolchain/usr/include,
					"$(PROJECT_DIR)/../include",
					"$(PROJECT_DIR)/../ios",
					"$(PROJECT_DIR)/../../openssl/",
					"$(PROJECT_DIR)/../../openssl/include",
				);
				OTHER_CFLAGS = (
					"-fvisibility=hidden",
					"-DHAVE_CONFIG_H",
					"-DANDROID",
					"-DUSE_DEBUG",
				);
				OTHER_LDFLAGS = "-ObjC";
				PRODUCT_NAME = "$(TARGET_NAME)";
				SKIP_INSTALL = YES;
				USER_HEADER_SEARCH_PATHS = "$(PROJECT_DIR)/../include";
			};
			name = Debug;
		};
		DCEED1401983C70000D49E51 /* Release */ = {
			isa = XCBuildConfiguration;
			buildSettings = {
				DSTROOT = /tmp/libevent.dst;
				GCC_PRECOMPILE_PREFIX_HEADER = YES;
				GCC_PREFIX_HEADER = "libevent/libevent-Prefix.pch";
				HEADER_SEARCH_PATHS = (
					"$(inherited)",
					/Applications/Xcode.app/Contents/Developer/Toolchains/OSX10.9.xctoolchain/usr/include,
					"$(PROJECT_DIR)/../include",
					"$(PROJECT_DIR)/../ios",
					"$(PROJECT_DIR)/../../openssl/",
					"$(PROJECT_DIR)/../../openssl/include",
				);
				OTHER_CFLAGS = (
					"-fvisibility=hidden",
					"-DHAVE_CONFIG_H",
					"-DANDROID",
					"-DUSE_DEBUG",
				);
				OTHER_LDFLAGS = "-ObjC";
				PRODUCT_NAME = "$(TARGET_NAME)";
				SKIP_INSTALL = YES;
				USER_HEADER_SEARCH_PATHS = "$(PROJECT_DIR)/../include";
			};
			name = Release;
		};
/* End XCBuildConfiguration section */

/* Begin XCConfigurationList section */
		DCEED1161983C70000D49E51 /* Build configuration list for PBXProject "libevent" */ = {
			isa = XCConfigurationList;
			buildConfigurations = (
				DCEED13C1983C70000D49E51 /* Debug */,
				DCEED13D1983C70000D49E51 /* Release */,
			);
			defaultConfigurationIsVisible = 0;
			defaultConfigurationName = Release;
		};
		DCEED13E1983C70000D49E51 /* Build configuration list for PBXNativeTarget "libevent" */ = {
			isa = XCConfigurationList;
			buildConfigurations = (
				DCEED13F1983C70000D49E51 /* Debug */,
				DCEED1401983C70000D49E51 /* Release */,
			);
			defaultConfigurationIsVisible = 0;
			defaultConfigurationName = Release;
		};
/* End XCConfigurationList section */
	};
	rootObject = DCEED1131983C70000D49E51 /* Project object */;
}
