// !$*UTF8*$!
{
	archiveVersion = 1;
	classes = {
	};
	objectVersion = 46;
	objects = {

/* Begin PBXContainerItemProxy section */
		DCEED1C01983CB0B00D49E51 /* PBXContainerItemProxy */ = {
			isa = PBXContainerItemProxy;
			containerPortal = DCEED1BB1983CB0B00D49E51 /* openssl.xcodeproj */;
			proxyType = 2;
			remoteGlobalIDString = DCEED1921983CB0B00D49E51;
			remoteInfo = openssl;
		};
		DCEED1C21983CB0B00D49E51 /* PBXContainerItemProxy */ = {
			isa = PBXContainerItemProxy;
			containerPortal = DCEED1BB1983CB0B00D49E51 /* openssl.xcodeproj */;
			proxyType = 2;
			remoteGlobalIDString = DCEED1A21983CB0B00D49E51;
			remoteInfo = opensslTests;
		};
/* End PBXContainerItemProxy section */

/* Begin PBXCopyFilesBuildPhase section */
		DCEED1191983C70000D49E51 /* CopyFiles */ = {
			isa = PBXCopyFilesBuildPhase;
			buildActionMask = 2147483647;
			dstPath = "include/$(PRODUCT_NAME)";
			dstSubfolderSpec = 16;
			files = (
			);
			runOnlyForDeploymentPostprocessing = 0;
		};
/* End PBXCopyFilesBuildPhase section */

/* Begin PBXFileReference section */
		DCEED11B1983C70000D49E51 /* liblibevent.a */ = {isa = PBXFileReference; explicitFileType = archive.ar; includeInIndex = 0; path = liblibevent.a; sourceTree = BUILT_PRODUCTS_DIR; };
		DCEED11E1983C70000D49E51 /* Foundation.framework */ = {isa = PBXFileReference; lastKnownFileType = wrapper.framework; name = Foundation.framework; path = System/Library/Frameworks/Foundation.framework; sourceTree = SDKROOT; };
		DCEED1221983C70000D49E51 /* libevent-Prefix.pch */ = {isa = PBXFileReference; lastKnownFileType = sourcecode.c.h; path = "libevent-Prefix.pch"; sourceTree = "<group>"; };
		DCEED12C1983C70000D49E51 /* XCTest.framework */ = {isa = PBXFileReference; lastKnownFileType = wrapper.framework; name = XCTest.framework; path = Library/Frameworks/XCTest.framework; sourceTree = DEVELOPER_DIR; };
		DCEED12F1983C70000D49E51 /* UIKit.framework */ = {isa = PBXFileReference; lastKnownFileType = wrapper.framework; name = UIKit.framework; path = Library/Frameworks/UIKit.framework; sourceTree = DEVELOPER_DIR; };
		DCEED1BB1983CB0B00D49E51 /* openssl.xcodeproj */ = {isa = PBXFileReference; lastKnownFileType = "wrapper.pb-project"; name = openssl.xcodeproj; path = openssl/openssl.xcodeproj; sourceTree = "<group>"; };
/* End PBXFileReference section */

/* Begin PBXFrameworksBuildPhase section */
		DCEED1181983C70000D49E51 /* Frameworks */ = {
			isa = PBXFrameworksBuildPhase;
			buildActionMask = 2147483647;
			files = (
			);
			runOnlyForDeploymentPostprocessing = 0;
		};
/* End PBXFrameworksBuildPhase section */

/* Begin PBXGroup section */
		DCEED1121983C70000D49E51 = {
			isa = PBXGroup;
			children = (
				DCEED1BB1983CB0B00D49E51 /* openssl.xcodeproj */,
				DCEED1201983C70000D49E51 /* libevent */,
				DCEED11D1983C70000D49E51 /* Frameworks */,
				DCEED11C1983C70000D49E51 /* Products */,
			);
			sourceTree = "<group>";
		};
		DCEED11C1983C70000D49E51 /* Products */ = {
			isa = PBXGroup;
			children = (
				DCEED11B1983C70000D49E51 /* liblibevent.a */,
			);
			name = Products;
			sourceTree = "<group>";
		};
		DCEED11D1983C70000D49E51 /* Frameworks */ = {
			isa = PBXGroup;
			children = (
				DCEED11E1983C70000D49E51 /* Foundation.framework */,
				DCEED12C1983C70000D49E51 /* XCTest.framework */,
				DCEED12F1983C70000D49E51 /* UIKit.framework */,
			);
			name = Frameworks;
			sourceTree = "<group>";
		};
		DCEED1201983C70000D49E51 /* libevent */ = {
			isa = PBXGroup;
			children = (
				DCEED1211983C70000D49E51 /* Supporting Files */,
			);
			path = libevent;
			sourceTree = "<group>";
		};
		DCEED1211983C70000D49E51 /* Supporting Files */ = {
			isa = PBXGroup;
			children = (
				DCEED1221983C70000D49E51 /* libevent-Prefix.pch */,
			);
			name = "Supporting Files";
			sourceTree = "<group>";
		};
		DCEED1BC1983CB0B00D49E51 /* Products */ = {
			isa = PBXGroup;
			children = (
				DCEED1C11983CB0B00D49E51 /* libopenssl.a */,
				DCEED1C31983CB0B00D49E51 /* opensslTests.xctest */,
			);
			name = Products;
			sourceTree = "<group>";
		};
/* End PBXGroup section */

/* Begin PBXNativeTarget section */
		DCEED11A1983C70000D49E51 /* libevent */ = {
			isa = PBXNativeTarget;
			buildConfigurationList = DCEED13E1983C70000D49E51 /* Build configuration list for PBXNativeTarget "libevent" */;
			buildPhases = (
				DCEED1171983C70000D49E51 /* Sources */,
				DCEED1181983C70000D49E51 /* Frameworks */,
				DCEED1191983C70000D49E51 /* CopyFiles */,
			);
			buildRules = (
			);
			dependencies = (
			);
			name = libevent;
			productName = libevent;
			productReference = DCEED11B1983C70000D49E51 /* liblibevent.a */;
			productType = "com.apple.product-type.library.static";
		};
/* End PBXNativeTarget section */

/* Begin PBXProject section */
		DCEED1131983C70000D49E51 /* Project object */ = {
			isa = PBXProject;
			attributes = {
				LastUpgradeCheck = 0510;
				ORGANIZATIONNAME = "garymabin@gmail.com";
			};
			buildConfigurationList = DCEED1161983C70000D49E51 /* Build configuration list for PBXProject "libevent" */;
			compatibilityVersion = "Xcode 3.2";
			developmentRegion = English;
			hasScannedForEncodings = 0;
			knownRegions = (
				en,
			);
			mainGroup = DCEED1121983C70000D49E51;
			productRefGroup = DCEED11C1983C70000D49E51 /* Products */;
			projectDirPath = "";
			projectReferences = (
				{
					ProductGroup = DCEED1BC1983CB0B00D49E51 /* Products */;
					ProjectRef = DCEED1BB1983CB0B00D49E51 /* openssl.xcodeproj */;
				},
			);
			projectRoot = "";
			targets = (
				DCEED11A1983C70000D49E51 /* libevent */,
			);
		};
/* End PBXProject section */

/* Begin PBXReferenceProxy section */
		DCEED1C11983CB0B00D49E51 /* libopenssl.a */ = {
			isa = PBXReferenceProxy;
			fileType = archive.ar;
			path = libopenssl.a;
			remoteRef = DCEED1C01983CB0B00D49E51 /* PBXContainerItemProxy */;
			sourceTree = BUILT_PRODUCTS_DIR;
		};
		DCEED1C31983CB0B00D49E51 /* opensslTests.xctest */ = {
			isa = PBXReferenceProxy;
			fileType = wrapper.cfbundle;
			path = opensslTests.xctest;
			remoteRef = DCEED1C21983CB0B00D49E51 /* PBXContainerItemProxy */;
			sourceTree = BUILT_PRODUCTS_DIR;
		};
/* End PBXReferenceProxy section */

/* Begin PBXSourcesBuildPhase section */
		DCEED1171983C70000D49E51 /* Sources */ = {
			isa = PBXSourcesBuildPhase;
			buildActionMask = 2147483647;
			files = (
			);
			runOnlyForDeploymentPostprocessing = 0;
		};
/* End PBXSourcesBuildPhase section */

/* Begin XCBuildConfiguration section */
		DCEED13C1983C70000D49E51 /* Debug */ = {
			isa = XCBuildConfiguration;
			buildSettings = {
				ALWAYS_SEARCH_USER_PATHS = NO;
				CLANG_CXX_LANGUAGE_STANDARD = "gnu++0x";
				CLANG_CXX_LIBRARY = "libc++";
				CLANG_ENABLE_MODULES = YES;
				CLANG_ENABLE_OBJC_ARC = YES;
				CLANG_WARN_BOOL_CONVERSION = YES;
				CLANG_WARN_CONSTANT_CONVERSION = YES;
				CLANG_WARN_DIRECT_OBJC_ISA_USAGE = YES_ERROR;
				CLANG_WARN_EMPTY_BODY = YES;
				CLANG_WARN_ENUM_CONVERSION = YES;
				CLANG_WARN_INT_CONVERSION = YES;
				CLANG_WARN_OBJC_ROOT_CLASS = YES_ERROR;
				CLANG_WARN__DUPLICATE_METHOD_MATCH = YES;
				COPY_PHASE_STRIP = NO;
				GCC_C_LANGUAGE_STANDARD = gnu99;
				GCC_DYNAMIC_NO_PIC = NO;
				GCC_OPTIMIZATION_LEVEL = 0;
				GCC_PREPROCESSOR_DEFINITIONS = (
					"DEBUG=1",
					"$(inherited)",
				);
				GCC_SYMBOLS_PRIVATE_EXTERN = NO;
				GCC_WARN_64_TO_32_BIT_CONVERSION = YES;
				GCC_WARN_ABOUT_RETURN_TYPE = YES_ERROR;
				GCC_WARN_UNDECLARED_SELECTOR = YES;
				GCC_WARN_UNINITIALIZED_AUTOS = YES_AGGRESSIVE;
				GCC_WARN_UNUSED_FUNCTION = YES;
				GCC_WARN_UNUSED_VARIABLE = YES;
				IPHONEOS_DEPLOYMENT_TARGET = 7.1;
				ONLY_ACTIVE_ARCH = YES;
				SDKROOT = iphoneos;
			};
			name = Debug;
		};
		DCEED13D1983C70000D49E51 /* Release */ = {
			isa = XCBuildConfiguration;
			buildSettings = {
				ALWAYS_SEARCH_USER_PATHS = NO;
				CLANG_CXX_LANGUAGE_STANDARD = "gnu++0x";
				CLANG_CXX_LIBRARY = "libc++";
				CLANG_ENABLE_MODULES = YES;
				CLANG_ENABLE_OBJC_ARC = YES;
				CLANG_WARN_BOOL_CONVERSION = YES;
				CLANG_WARN_CONSTANT_CONVERSION = YES;
				CLANG_WARN_DIRECT_OBJC_ISA_USAGE = YES_ERROR;
				CLANG_WARN_EMPTY_BODY = YES;
				CLANG_WARN_ENUM_CONVERSION = YES;
				CLANG_WARN_INT_CONVERSION = YES;
				CLANG_WARN_OBJC_ROOT_CLASS = YES_ERROR;
				CLANG_WARN__DUPLICATE_METHOD_MATCH = YES;
				COPY_PHASE_STRIP = YES;
				ENABLE_NS_ASSERTIONS = NO;
				GCC_C_LANGUAGE_STANDARD = gnu99;
				GCC_WARN_64_TO_32_BIT_CONVERSION = YES;
				GCC_WARN_ABOUT_RETURN_TYPE = YES_ERROR;
				GCC_WARN_UNDECLARED_SELECTOR = YES;
				GCC_WARN_UNINITIALIZED_AUTOS = YES_AGGRESSIVE;
				GCC_WARN_UNUSED_FUNCTION = YES;
				GCC_WARN_UNUSED_VARIABLE = YES;
				IPHONEOS_DEPLOYMENT_TARGET = 7.1;
				SDKROOT = iphoneos;
				VALIDATE_PRODUCT = YES;
			};
			name = Release;
		};
		DCEED13F1983C70000D49E51 /* Debug */ = {
			isa = XCBuildConfiguration;
			buildSettings = {
				DSTROOT = /tmp/libevent.dst;
				GCC_PRECOMPILE_PREFIX_HEADER = YES;
				GCC_PREFIX_HEADER = "libevent/libevent-Prefix.pch";
				OTHER_LDFLAGS = "-ObjC";
				PRODUCT_NAME = "$(TARGET_NAME)";
				SKIP_INSTALL = YES;
			};
			name = Debug;
		};
		DCEED1401983C70000D49E51 /* Release */ = {
			isa = XCBuildConfiguration;
			buildSettings = {
				DSTROOT = /tmp/libevent.dst;
				GCC_PRECOMPILE_PREFIX_HEADER = YES;
				GCC_PREFIX_HEADER = "libevent/libevent-Prefix.pch";
				OTHER_LDFLAGS = "-ObjC";
				PRODUCT_NAME = "$(TARGET_NAME)";
				SKIP_INSTALL = YES;
			};
			name = Release;
		};
/* End XCBuildConfiguration section */

/* Begin XCConfigurationList section */
		DCEED1161983C70000D49E51 /* Build configuration list for PBXProject "libevent" */ = {
			isa = XCConfigurationList;
			buildConfigurations = (
				DCEED13C1983C70000D49E51 /* Debug */,
				DCEED13D1983C70000D49E51 /* Release */,
			);
			defaultConfigurationIsVisible = 0;
			defaultConfigurationName = Release;
		};
		DCEED13E1983C70000D49E51 /* Build configuration list for PBXNativeTarget "libevent" */ = {
			isa = XCConfigurationList;
			buildConfigurations = (
				DCEED13F1983C70000D49E51 /* Debug */,
				DCEED1401983C70000D49E51 /* Release */,
			);
			defaultConfigurationIsVisible = 0;
		};
/* End XCConfigurationList section */
	};
	rootObject = DCEED1131983C70000D49E51 /* Project object */;
}
