// !$*UTF8*$!
{
	archiveVersion = 1;
	classes = {
	};
	objectVersion = 46;
	objects = {

/* Begin PBXBuildFile section */
		DC22DAA018FAF17C00E267B4 /* Foundation.framework in Frameworks */ = {isa = PBXBuildFile; fileRef = DC22DA9F18FAF17C00E267B4 /* Foundation.framework */; };
		DC22DAA218FAF17C00E267B4 /* CoreGraphics.framework in Frameworks */ = {isa = PBXBuildFile; fileRef = DC22DAA118FAF17C00E267B4 /* CoreGraphics.framework */; };
		DC22DAA418FAF17C00E267B4 /* UIKit.framework in Frameworks */ = {isa = PBXBuildFile; fileRef = DC22DAA318FAF17C00E267B4 /* UIKit.framework */; };
		DC22DAA618FAF17C00E267B4 /* CoreData.framework in Frameworks */ = {isa = PBXBuildFile; fileRef = DC22DAA518FAF17C00E267B4 /* CoreData.framework */; };
		DC22DAAC18FAF17C00E267B4 /* InfoPlist.strings in Resources */ = {isa = PBXBuildFile; fileRef = DC22DAAA18FAF17C00E267B4 /* InfoPlist.strings */; };
		DC22DAB218FAF17C00E267B4 /* AppDelegate.m in Sources */ = {isa = PBXBuildFile; fileRef = DC22DAB118FAF17C00E267B4 /* AppDelegate.m */; };
		DC22DAB518FAF17C00E267B4 /* YGOMobile.xcdatamodeld in Sources */ = {isa = PBXBuildFile; fileRef = DC22DAB318FAF17C00E267B4 /* YGOMobile.xcdatamodeld */; };
		DC22DAB718FAF17C00E267B4 /* Images.xcassets in Resources */ = {isa = PBXBuildFile; fileRef = DC22DAB618FAF17C00E267B4 /* Images.xcassets */; };
		DC86B7FE19834E3000C9010C /* libIrrlicht.a in Frameworks */ = {isa = PBXBuildFile; fileRef = DC86B7F919834A7C00C9010C /* libIrrlicht.a */; };
/* End PBXBuildFile section */

/* Begin PBXContainerItemProxy section */
		DC86B7F819834A7C00C9010C /* PBXContainerItemProxy */ = {
			isa = PBXContainerItemProxy;
			containerPortal = DC86B7F419834A7C00C9010C /* iOS.xcodeproj */;
			proxyType = 2;
			remoteGlobalIDString = 5E7CF31215516E370014DCBA;
			remoteInfo = Irrlicht;
		};
		DC86B7FA19834A9000C9010C /* PBXContainerItemProxy */ = {
			isa = PBXContainerItemProxy;
			containerPortal = DC86B7F419834A7C00C9010C /* iOS.xcodeproj */;
			proxyType = 1;
			remoteGlobalIDString = 5E7CF31115516E370014DCBA;
			remoteInfo = Irrlicht;
		};
		DCEED0221983B4B600D49E51 /* PBXContainerItemProxy */ = {
			isa = PBXContainerItemProxy;
			containerPortal = DCEED01D1983B4B600D49E51 /* ocgcore.xcodeproj */;
			proxyType = 2;
			remoteGlobalIDString = DCEECFF41983B4B600D49E51;
			remoteInfo = ocgcore;
		};
		DCEED1491983C70100D49E51 /* PBXContainerItemProxy */ = {
			isa = PBXContainerItemProxy;
			containerPortal = DCEED1441983C70000D49E51 /* libevent.xcodeproj */;
			proxyType = 2;
			remoteGlobalIDString = DCEED11B1983C70000D49E51;
			remoteInfo = libevent;
		};
		DCEED14B1983C70100D49E51 /* PBXContainerItemProxy */ = {
			isa = PBXContainerItemProxy;
			containerPortal = DCEED1441983C70000D49E51 /* libevent.xcodeproj */;
			proxyType = 2;
			remoteGlobalIDString = DCEED12B1983C70000D49E51;
			remoteInfo = libeventTests;
		};
/* End PBXContainerItemProxy section */

/* Begin PBXFileReference section */
		DC22DA9C18FAF17C00E267B4 /* YGOMobile.app */ = {isa = PBXFileReference; explicitFileType = wrapper.application; includeInIndex = 0; path = YGOMobile.app; sourceTree = BUILT_PRODUCTS_DIR; };
		DC22DA9F18FAF17C00E267B4 /* Foundation.framework */ = {isa = PBXFileReference; lastKnownFileType = wrapper.framework; name = Foundation.framework; path = System/Library/Frameworks/Foundation.framework; sourceTree = SDKROOT; };
		DC22DAA118FAF17C00E267B4 /* CoreGraphics.framework */ = {isa = PBXFileReference; lastKnownFileType = wrapper.framework; name = CoreGraphics.framework; path = System/Library/Frameworks/CoreGraphics.framework; sourceTree = SDKROOT; };
		DC22DAA318FAF17C00E267B4 /* UIKit.framework */ = {isa = PBXFileReference; lastKnownFileType = wrapper.framework; name = UIKit.framework; path = System/Library/Frameworks/UIKit.framework; sourceTree = SDKROOT; };
		DC22DAA518FAF17C00E267B4 /* CoreData.framework */ = {isa = PBXFileReference; lastKnownFileType = wrapper.framework; name = CoreData.framework; path = System/Library/Frameworks/CoreData.framework; sourceTree = SDKROOT; };
		DC22DAA918FAF17C00E267B4 /* YGOMobile-Info.plist */ = {isa = PBXFileReference; lastKnownFileType = text.plist.xml; path = "YGOMobile-Info.plist"; sourceTree = "<group>"; };
		DC22DAAB18FAF17C00E267B4 /* en */ = {isa = PBXFileReference; lastKnownFileType = text.plist.strings; name = en; path = en.lproj/InfoPlist.strings; sourceTree = "<group>"; };
		DC22DAAF18FAF17C00E267B4 /* YGOMobile-Prefix.pch */ = {isa = PBXFileReference; lastKnownFileType = sourcecode.c.h; path = "YGOMobile-Prefix.pch"; sourceTree = "<group>"; };
		DC22DAB018FAF17C00E267B4 /* AppDelegate.h */ = {isa = PBXFileReference; lastKnownFileType = sourcecode.c.h; path = AppDelegate.h; sourceTree = "<group>"; };
		DC22DAB118FAF17C00E267B4 /* AppDelegate.m */ = {isa = PBXFileReference; lastKnownFileType = sourcecode.c.objc; path = AppDelegate.m; sourceTree = "<group>"; };
		DC22DAB418FAF17C00E267B4 /* YGOMobile.xcdatamodel */ = {isa = PBXFileReference; lastKnownFileType = wrapper.xcdatamodel; path = YGOMobile.xcdatamodel; sourceTree = "<group>"; };
		DC22DAB618FAF17C00E267B4 /* Images.xcassets */ = {isa = PBXFileReference; lastKnownFileType = folder.assetcatalog; path = Images.xcassets; sourceTree = "<group>"; };
		DC22DABD18FAF17C00E267B4 /* XCTest.framework */ = {isa = PBXFileReference; lastKnownFileType = wrapper.framework; name = XCTest.framework; path = Library/Frameworks/XCTest.framework; sourceTree = DEVELOPER_DIR; };
		DC86B7F419834A7C00C9010C /* iOS.xcodeproj */ = {isa = PBXFileReference; lastKnownFileType = "wrapper.pb-project"; name = iOS.xcodeproj; path = ../../irrlicht/source/Irrlicht/iOS/iOS.xcodeproj; sourceTree = "<group>"; };
		DCEED01D1983B4B600D49E51 /* ocgcore.xcodeproj */ = {isa = PBXFileReference; lastKnownFileType = "wrapper.pb-project"; name = ocgcore.xcodeproj; path = ../../Classes/ocgcore/ocgcore/ocgcore.xcodeproj; sourceTree = "<group>"; };
		DCEED1441983C70000D49E51 /* libevent.xcodeproj */ = {isa = PBXFileReference; lastKnownFileType = "wrapper.pb-project"; name = libevent.xcodeproj; path = ../../Classes/libevent/libevent/libevent.xcodeproj; sourceTree = "<group>"; };
/* End PBXFileReference section */

/* Begin PBXFrameworksBuildPhase section */
		DC22DA9918FAF17C00E267B4 /* Frameworks */ = {
			isa = PBXFrameworksBuildPhase;
			buildActionMask = 2147483647;
			files = (
				DC86B7FE19834E3000C9010C /* libIrrlicht.a in Frameworks */,
				DC22DAA218FAF17C00E267B4 /* CoreGraphics.framework in Frameworks */,
				DC22DAA618FAF17C00E267B4 /* CoreData.framework in Frameworks */,
				DC22DAA418FAF17C00E267B4 /* UIKit.framework in Frameworks */,
				DC22DAA018FAF17C00E267B4 /* Foundation.framework in Frameworks */,
			);
			runOnlyForDeploymentPostprocessing = 0;
		};
/* End PBXFrameworksBuildPhase section */

/* Begin PBXGroup section */
		DC22DA9318FAF17C00E267B4 = {
			isa = PBXGroup;
			children = (
				DCEED1441983C70000D49E51 /* libevent.xcodeproj */,
				DCEED01D1983B4B600D49E51 /* ocgcore.xcodeproj */,
				DC86B7F419834A7C00C9010C /* iOS.xcodeproj */,
				DC22DAA718FAF17C00E267B4 /* YGOMobile */,
				DC22DA9E18FAF17C00E267B4 /* Frameworks */,
				DC22DA9D18FAF17C00E267B4 /* Products */,
			);
			sourceTree = "<group>";
		};
		DC22DA9D18FAF17C00E267B4 /* Products */ = {
			isa = PBXGroup;
			children = (
				DC22DA9C18FAF17C00E267B4 /* YGOMobile.app */,
			);
			name = Products;
			sourceTree = "<group>";
		};
		DC22DA9E18FAF17C00E267B4 /* Frameworks */ = {
			isa = PBXGroup;
			children = (
				DC22DA9F18FAF17C00E267B4 /* Foundation.framework */,
				DC22DAA118FAF17C00E267B4 /* CoreGraphics.framework */,
				DC22DAA318FAF17C00E267B4 /* UIKit.framework */,
				DC22DAA518FAF17C00E267B4 /* CoreData.framework */,
				DC22DABD18FAF17C00E267B4 /* XCTest.framework */,
			);
			name = Frameworks;
			sourceTree = "<group>";
		};
		DC22DAA718FAF17C00E267B4 /* YGOMobile */ = {
			isa = PBXGroup;
			children = (
				DC22DAB018FAF17C00E267B4 /* AppDelegate.h */,
				DC22DAB118FAF17C00E267B4 /* AppDelegate.m */,
				DC22DAB618FAF17C00E267B4 /* Images.xcassets */,
				DC22DAB318FAF17C00E267B4 /* YGOMobile.xcdatamodeld */,
				DC22DAA818FAF17C00E267B4 /* Supporting Files */,
			);
			path = YGOMobile;
			sourceTree = "<group>";
		};
		DC22DAA818FAF17C00E267B4 /* Supporting Files */ = {
			isa = PBXGroup;
			children = (
				DC22DAA918FAF17C00E267B4 /* YGOMobile-Info.plist */,
				DC22DAAA18FAF17C00E267B4 /* InfoPlist.strings */,
				DC22DAAF18FAF17C00E267B4 /* YGOMobile-Prefix.pch */,
			);
			name = "Supporting Files";
			sourceTree = "<group>";
		};
		DC86B7F519834A7C00C9010C /* Products */ = {
			isa = PBXGroup;
			children = (
				DC86B7F919834A7C00C9010C /* libIrrlicht.a */,
			);
			name = Products;
			sourceTree = "<group>";
		};
		DCEED01E1983B4B600D49E51 /* Products */ = {
			isa = PBXGroup;
			children = (
				DCEED0231983B4B600D49E51 /* libocgcore.a */,
			);
			name = Products;
			sourceTree = "<group>";
		};
		DCEED1451983C70000D49E51 /* Products */ = {
			isa = PBXGroup;
			children = (
				DCEED14A1983C70100D49E51 /* liblibevent.a */,
				DCEED14C1983C70100D49E51 /* libeventTests.xctest */,
			);
			name = Products;
			sourceTree = "<group>";
		};
/* End PBXGroup section */

/* Begin PBXNativeTarget section */
		DC22DA9B18FAF17C00E267B4 /* YGOMobile */ = {
			isa = PBXNativeTarget;
			buildConfigurationList = DC22DACE18FAF17C00E267B4 /* Build configuration list for PBXNativeTarget "YGOMobile" */;
			buildPhases = (
				DC22DA9818FAF17C00E267B4 /* Sources */,
				DC22DA9918FAF17C00E267B4 /* Frameworks */,
				DC22DA9A18FAF17C00E267B4 /* Resources */,
			);
			buildRules = (
			);
			dependencies = (
				DC86B7FB19834A9000C9010C /* PBXTargetDependency */,
			);
			name = YGOMobile;
			productName = YGOMobile;
			productReference = DC22DA9C18FAF17C00E267B4 /* YGOMobile.app */;
			productType = "com.apple.product-type.application";
		};
/* End PBXNativeTarget section */

/* Begin PBXProject section */
		DC22DA9418FAF17C00E267B4 /* Project object */ = {
			isa = PBXProject;
			attributes = {
				LastUpgradeCheck = 0510;
				ORGANIZATIONNAME = "garymabin@gmail.com";
			};
			buildConfigurationList = DC22DA9718FAF17C00E267B4 /* Build configuration list for PBXProject "YGOMobile" */;
			compatibilityVersion = "Xcode 3.2";
			developmentRegion = English;
			hasScannedForEncodings = 0;
			knownRegions = (
				en,
			);
			mainGroup = DC22DA9318FAF17C00E267B4;
			productRefGroup = DC22DA9D18FAF17C00E267B4 /* Products */;
			projectDirPath = "";
			projectReferences = (
				{
					ProductGroup = DC86B7F519834A7C00C9010C /* Products */;
					ProjectRef = DC86B7F419834A7C00C9010C /* iOS.xcodeproj */;
				},
				{
					ProductGroup = DCEED1451983C70000D49E51 /* Products */;
					ProjectRef = DCEED1441983C70000D49E51 /* libevent.xcodeproj */;
				},
				{
					ProductGroup = DCEED01E1983B4B600D49E51 /* Products */;
					ProjectRef = DCEED01D1983B4B600D49E51 /* ocgcore.xcodeproj */;
				},
			);
			projectRoot = "";
			targets = (
				DC22DA9B18FAF17C00E267B4 /* YGOMobile */,
			);
		};
/* End PBXProject section */

/* Begin PBXReferenceProxy section */
		DC86B7F919834A7C00C9010C /* libIrrlicht.a */ = {
			isa = PBXReferenceProxy;
			fileType = archive.ar;
			path = libIrrlicht.a;
			remoteRef = DC86B7F819834A7C00C9010C /* PBXContainerItemProxy */;
			sourceTree = BUILT_PRODUCTS_DIR;
		};
		DCEED0231983B4B600D49E51 /* libocgcore.a */ = {
			isa = PBXReferenceProxy;
			fileType = archive.ar;
			path = libocgcore.a;
			remoteRef = DCEED0221983B4B600D49E51 /* PBXContainerItemProxy */;
			sourceTree = BUILT_PRODUCTS_DIR;
		};
		DCEED14A1983C70100D49E51 /* liblibevent.a */ = {
			isa = PBXReferenceProxy;
			fileType = archive.ar;
			path = liblibevent.a;
			remoteRef = DCEED1491983C70100D49E51 /* PBXContainerItemProxy */;
			sourceTree = BUILT_PRODUCTS_DIR;
		};
		DCEED14C1983C70100D49E51 /* libeventTests.xctest */ = {
			isa = PBXReferenceProxy;
			fileType = wrapper.cfbundle;
			path = libeventTests.xctest;
			remoteRef = DCEED14B1983C70100D49E51 /* PBXContainerItemProxy */;
			sourceTree = BUILT_PRODUCTS_DIR;
		};
/* End PBXReferenceProxy section */

/* Begin PBXResourcesBuildPhase section */
		DC22DA9A18FAF17C00E267B4 /* Resources */ = {
			isa = PBXResourcesBuildPhase;
			buildActionMask = 2147483647;
			files = (
				DC22DAAC18FAF17C00E267B4 /* InfoPlist.strings in Resources */,
				DC22DAB718FAF17C00E267B4 /* Images.xcassets in Resources */,
			);
			runOnlyForDeploymentPostprocessing = 0;
		};
/* End PBXResourcesBuildPhase section */

/* Begin PBXSourcesBuildPhase section */
		DC22DA9818FAF17C00E267B4 /* Sources */ = {
			isa = PBXSourcesBuildPhase;
			buildActionMask = 2147483647;
			files = (
				DC22DAB518FAF17C00E267B4 /* YGOMobile.xcdatamodeld in Sources */,
				DC22DAB218FAF17C00E267B4 /* AppDelegate.m in Sources */,
			);
			runOnlyForDeploymentPostprocessing = 0;
		};
/* End PBXSourcesBuildPhase section */

/* Begin PBXTargetDependency section */
		DC86B7FB19834A9000C9010C /* PBXTargetDependency */ = {
			isa = PBXTargetDependency;
			name = Irrlicht;
			targetProxy = DC86B7FA19834A9000C9010C /* PBXContainerItemProxy */;
		};
/* End PBXTargetDependency section */

/* Begin PBXVariantGroup section */
		DC22DAAA18FAF17C00E267B4 /* InfoPlist.strings */ = {
			isa = PBXVariantGroup;
			children = (
				DC22DAAB18FAF17C00E267B4 /* en */,
			);
			name = InfoPlist.strings;
			sourceTree = "<group>";
		};
/* End PBXVariantGroup section */

/* Begin XCBuildConfiguration section */
		DC22DACC18FAF17C00E267B4 /* Debug */ = {
			isa = XCBuildConfiguration;
			buildSettings = {
				ALWAYS_SEARCH_USER_PATHS = NO;
				CLANG_CXX_LANGUAGE_STANDARD = "gnu++0x";
				CLANG_CXX_LIBRARY = "libc++";
				CLANG_ENABLE_MODULES = YES;
				CLANG_ENABLE_OBJC_ARC = YES;
				CLANG_WARN_BOOL_CONVERSION = YES;
				CLANG_WARN_CONSTANT_CONVERSION = YES;
				CLANG_WARN_DIRECT_OBJC_ISA_USAGE = YES_ERROR;
				CLANG_WARN_EMPTY_BODY = YES;
				CLANG_WARN_ENUM_CONVERSION = YES;
				CLANG_WARN_INT_CONVERSION = YES;
				CLANG_WARN_OBJC_ROOT_CLASS = YES_ERROR;
				CLANG_WARN__DUPLICATE_METHOD_MATCH = YES;
				"CODE_SIGN_IDENTITY[sdk=iphoneos*]" = "iPhone Developer";
				COPY_PHASE_STRIP = NO;
				GCC_C_LANGUAGE_STANDARD = gnu99;
				GCC_DYNAMIC_NO_PIC = NO;
				GCC_OPTIMIZATION_LEVEL = 0;
				GCC_PREPROCESSOR_DEFINITIONS = (
					"DEBUG=1",
					"$(inherited)",
				);
				GCC_SYMBOLS_PRIVATE_EXTERN = NO;
				GCC_WARN_64_TO_32_BIT_CONVERSION = YES;
				GCC_WARN_ABOUT_RETURN_TYPE = YES_ERROR;
				GCC_WARN_UNDECLARED_SELECTOR = YES;
				GCC_WARN_UNINITIALIZED_AUTOS = YES_AGGRESSIVE;
				GCC_WARN_UNUSED_FUNCTION = YES;
				GCC_WARN_UNUSED_VARIABLE = YES;
				IPHONEOS_DEPLOYMENT_TARGET = 7.1;
				ONLY_ACTIVE_ARCH = YES;
				SDKROOT = iphoneos;
			};
			name = Debug;
		};
		DC22DACD18FAF17C00E267B4 /* Release */ = {
			isa = XCBuildConfiguration;
			buildSettings = {
				ALWAYS_SEARCH_USER_PATHS = NO;
				CLANG_CXX_LANGUAGE_STANDARD = "gnu++0x";
				CLANG_CXX_LIBRARY = "libc++";
				CLANG_ENABLE_MODULES = YES;
				CLANG_ENABLE_OBJC_ARC = YES;
				CLANG_WARN_BOOL_CONVERSION = YES;
				CLANG_WARN_CONSTANT_CONVERSION = YES;
				CLANG_WARN_DIRECT_OBJC_ISA_USAGE = YES_ERROR;
				CLANG_WARN_EMPTY_BODY = YES;
				CLANG_WARN_ENUM_CONVERSION = YES;
				CLANG_WARN_INT_CONVERSION = YES;
				CLANG_WARN_OBJC_ROOT_CLASS = YES_ERROR;
				CLANG_WARN__DUPLICATE_METHOD_MATCH = YES;
				"CODE_SIGN_IDENTITY[sdk=iphoneos*]" = "iPhone Developer";
				COPY_PHASE_STRIP = YES;
				ENABLE_NS_ASSERTIONS = NO;
				GCC_C_LANGUAGE_STANDARD = gnu99;
				GCC_WARN_64_TO_32_BIT_CONVERSION = YES;
				GCC_WARN_ABOUT_RETURN_TYPE = YES_ERROR;
				GCC_WARN_UNDECLARED_SELECTOR = YES;
				GCC_WARN_UNINITIALIZED_AUTOS = YES_AGGRESSIVE;
				GCC_WARN_UNUSED_FUNCTION = YES;
				GCC_WARN_UNUSED_VARIABLE = YES;
				IPHONEOS_DEPLOYMENT_TARGET = 7.1;
				SDKROOT = iphoneos;
				VALIDATE_PRODUCT = YES;
			};
			name = Release;
		};
		DC22DACF18FAF17C00E267B4 /* Debug */ = {
			isa = XCBuildConfiguration;
			buildSettings = {
				ASSETCATALOG_COMPILER_APPICON_NAME = AppIcon;
				ASSETCATALOG_COMPILER_LAUNCHIMAGE_NAME = LaunchImage;
				GCC_PRECOMPILE_PREFIX_HEADER = YES;
				GCC_PREFIX_HEADER = "YGOMobile/YGOMobile-Prefix.pch";
				INFOPLIST_FILE = "YGOMobile/YGOMobile-Info.plist";
				LIBRARY_SEARCH_PATHS = (
					"$(inherited)",
					"/Users/mabin/git/YGOMobile/irrlicht/source/Irrlicht/iOS/build/Debug-iphoneos",
				);
				PRODUCT_NAME = "$(TARGET_NAME)";
				USER_HEADER_SEARCH_PATHS = /Users/mabin/git/YGOMobile/Classes;
				WRAPPER_EXTENSION = app;
			};
			name = Debug;
		};
		DC22DAD018FAF17C00E267B4 /* Release */ = {
			isa = XCBuildConfiguration;
			buildSettings = {
				ASSETCATALOG_COMPILER_APPICON_NAME = AppIcon;
				ASSETCATALOG_COMPILER_LAUNCHIMAGE_NAME = LaunchImage;
				GCC_PRECOMPILE_PREFIX_HEADER = YES;
				GCC_PREFIX_HEADER = "YGOMobile/YGOMobile-Prefix.pch";
				INFOPLIST_FILE = "YGOMobile/YGOMobile-Info.plist";
				LIBRARY_SEARCH_PATHS = (
					"$(inherited)",
					"/Users/mabin/git/YGOMobile/irrlicht/source/Irrlicht/iOS/build/Debug-iphoneos",
				);
				PRODUCT_NAME = "$(TARGET_NAME)";
				USER_HEADER_SEARCH_PATHS = /Users/mabin/git/YGOMobile/Classes;
				WRAPPER_EXTENSION = app;
			};
			name = Release;
		};
/* End XCBuildConfiguration section */

/* Begin XCConfigurationList section */
		DC22DA9718FAF17C00E267B4 /* Build configuration list for PBXProject "YGOMobile" */ = {
			isa = XCConfigurationList;
			buildConfigurations = (
				DC22DACC18FAF17C00E267B4 /* Debug */,
				DC22DACD18FAF17C00E267B4 /* Release */,
			);
			defaultConfigurationIsVisible = 0;
			defaultConfigurationName = Release;
		};
		DC22DACE18FAF17C00E267B4 /* Build configuration list for PBXNativeTarget "YGOMobile" */ = {
			isa = XCConfigurationList;
			buildConfigurations = (
				DC22DACF18FAF17C00E267B4 /* Debug */,
				DC22DAD018FAF17C00E267B4 /* Release */,
			);
			defaultConfigurationIsVisible = 0;
			defaultConfigurationName = Release;
		};
/* End XCConfigurationList section */

/* Begin XCVersionGroup section */
		DC22DAB318FAF17C00E267B4 /* YGOMobile.xcdatamodeld */ = {
			isa = XCVersionGroup;
			children = (
				DC22DAB418FAF17C00E267B4 /* YGOMobile.xcdatamodel */,
			);
			currentVersion = DC22DAB418FAF17C00E267B4 /* YGOMobile.xcdatamodel */;
			path = YGOMobile.xcdatamodeld;
			sourceTree = "<group>";
			versionGroupType = wrapper.xcdatamodel;
		};
/* End XCVersionGroup section */
	};
	rootObject = DC22DA9418FAF17C00E267B4 /* Project object */;
}
